// !$*UTF8*$!
{
	archiveVersion = 1;
	classes = {
	};
	objectVersion = 51;
	objects = {

/* Begin PBXBuildFile section */
		150E24892355E2C200F11C8E /* CalendarView.swift in Sources */ = {isa = PBXBuildFile; fileRef = 150E24882355E2C200F11C8E /* CalendarView.swift */; };
		150E248B2355E2D200F11C8E /* CalendarViewController.swift in Sources */ = {isa = PBXBuildFile; fileRef = 150E248A2355E2D200F11C8E /* CalendarViewController.swift */; };
		1550DCAC235B4379000CBC7C /* FormHeaderView.swift in Sources */ = {isa = PBXBuildFile; fileRef = 1550DCAB235B4379000CBC7C /* FormHeaderView.swift */; };
		1550DCAF235B8576000CBC7C /* UITabBarController.swift in Sources */ = {isa = PBXBuildFile; fileRef = 1550DCAE235B8576000CBC7C /* UITabBarController.swift */; };
		1550DCB3235B89B5000CBC7C /* Rubik-Medium.ttf in Resources */ = {isa = PBXBuildFile; fileRef = 1550DCB1235B89B5000CBC7C /* Rubik-Medium.ttf */; };
		1550DCB4235B89B5000CBC7C /* Rubik-Regular.ttf in Resources */ = {isa = PBXBuildFile; fileRef = 1550DCB2235B89B5000CBC7C /* Rubik-Regular.ttf */; };
		15AA30E7235AADCE007D7173 /* ChangePasswordView.swift in Sources */ = {isa = PBXBuildFile; fileRef = 15AA30E6235AADCE007D7173 /* ChangePasswordView.swift */; };
		15AA30E9235AADE1007D7173 /* ChangePasswordViewController.swift in Sources */ = {isa = PBXBuildFile; fileRef = 15AA30E8235AADE1007D7173 /* ChangePasswordViewController.swift */; };
		15AA30EC235AB7D7007D7173 /* ProfileCoordinator.swift in Sources */ = {isa = PBXBuildFile; fileRef = 15AA30EB235AB7D7007D7173 /* ProfileCoordinator.swift */; };
		15E0947B2356B35000FE85D3 /* DateCircleView.swift in Sources */ = {isa = PBXBuildFile; fileRef = 15E0947A2356B35000FE85D3 /* DateCircleView.swift */; };
		15E0947D2356BF8500FE85D3 /* CalendarCoordinator.swift in Sources */ = {isa = PBXBuildFile; fileRef = 15E0947C2356BF8500FE85D3 /* CalendarCoordinator.swift */; };
		15E0947F2356CC4E00FE85D3 /* CalendarHeaderView.swift in Sources */ = {isa = PBXBuildFile; fileRef = 15E0947E2356CC4E00FE85D3 /* CalendarHeaderView.swift */; };
		15F786A22359522B00D1C211 /* ProfileFooterView.swift in Sources */ = {isa = PBXBuildFile; fileRef = 15F786A12359522B00D1C211 /* ProfileFooterView.swift */; };
		359D3F1B28B462F78214F6A6 /* Pods_juju.framework in Frameworks */ = {isa = PBXBuildFile; fileRef = C44B68D6A1B63E7C14E046D2 /* Pods_juju.framework */; };
		A6500915E49D0AC64B755E88 /* Pods_jujuTests.framework in Frameworks */ = {isa = PBXBuildFile; fileRef = 520468F01B60305E7F01B021 /* Pods_jujuTests.framework */; };
		D6046F3922EF1444002FB78B /* DateFormatters.swift in Sources */ = {isa = PBXBuildFile; fileRef = D6046F3822EF1444002FB78B /* DateFormatters.swift */; };
		D60927552340097F00B0F594 /* TrainingModel.swift in Sources */ = {isa = PBXBuildFile; fileRef = D60927542340097F00B0F594 /* TrainingModel.swift */; };
		D60AF49A22E48FB700597BEA /* JujuUnderlinedButton.swift in Sources */ = {isa = PBXBuildFile; fileRef = D60AF49922E48FB700597BEA /* JujuUnderlinedButton.swift */; };
		D612165A2344303B003AB0C3 /* UserDefaultsStorage.swift in Sources */ = {isa = PBXBuildFile; fileRef = D61216592344303B003AB0C3 /* UserDefaultsStorage.swift */; };
		D612165C23443154003AB0C3 /* LocalStorageProtocol.swift in Sources */ = {isa = PBXBuildFile; fileRef = D612165B23443154003AB0C3 /* LocalStorageProtocol.swift */; };
		D612165E234447A1003AB0C3 /* RepetitionsProgress.swift in Sources */ = {isa = PBXBuildFile; fileRef = D612165D234447A1003AB0C3 /* RepetitionsProgress.swift */; };
		D6182B49232406AF00932DA3 /* TrainingViewController.swift in Sources */ = {isa = PBXBuildFile; fileRef = D6182B48232406AF00932DA3 /* TrainingViewController.swift */; };
		D6182B4B232406CF00932DA3 /* TrainingView.swift in Sources */ = {isa = PBXBuildFile; fileRef = D6182B4A232406CF00932DA3 /* TrainingView.swift */; };
		D6182B4D23240D3200932DA3 /* JujuButtonWithAccessory.swift in Sources */ = {isa = PBXBuildFile; fileRef = D6182B4C23240D3200932DA3 /* JujuButtonWithAccessory.swift */; };
		D6182B4F23240DF200932DA3 /* JujuButtonWithAccessoryConfiguration.swift in Sources */ = {isa = PBXBuildFile; fileRef = D6182B4E23240DF200932DA3 /* JujuButtonWithAccessoryConfiguration.swift */; };
		D6182B512324168000932DA3 /* TrainingFooterButtonSpec.swift in Sources */ = {isa = PBXBuildFile; fileRef = D6182B502324168000932DA3 /* TrainingFooterButtonSpec.swift */; };
		D6182B5323242E3C00932DA3 /* JujuTabBarController.swift in Sources */ = {isa = PBXBuildFile; fileRef = D6182B5223242E3C00932DA3 /* JujuTabBarController.swift */; };
		D6182B5523243D3100932DA3 /* UINavigationController.swift in Sources */ = {isa = PBXBuildFile; fileRef = D6182B5423243D3100932DA3 /* UINavigationController.swift */; };
		D6182B5D2324540000932DA3 /* TrainingViewInitialConfiguration.swift in Sources */ = {isa = PBXBuildFile; fileRef = D6182B5C2324540000932DA3 /* TrainingViewInitialConfiguration.swift */; };
		D61E0C3622E491B1003700EA /* UIButton.swift in Sources */ = {isa = PBXBuildFile; fileRef = D61E0C3522E491B1003700EA /* UIButton.swift */; };
		D61E0C3822E4930D003700EA /* JujuUnderlinedButtonSpec.swift in Sources */ = {isa = PBXBuildFile; fileRef = D61E0C3722E4930D003700EA /* JujuUnderlinedButtonSpec.swift */; };
		D61E0C3A22E4A5B7003700EA /* String.swift in Sources */ = {isa = PBXBuildFile; fileRef = D61E0C3922E4A5B7003700EA /* String.swift */; };
		D61E0C3C22E4D41D003700EA /* JujuFormProtocol.swift in Sources */ = {isa = PBXBuildFile; fileRef = D61E0C3B22E4D41D003700EA /* JujuFormProtocol.swift */; };
		D61E0C3E22E4D62D003700EA /* SignInViewController.swift in Sources */ = {isa = PBXBuildFile; fileRef = D61E0C3D22E4D62D003700EA /* SignInViewController.swift */; };
		D622755722FA4527004992E5 /* DateUtils.swift in Sources */ = {isa = PBXBuildFile; fileRef = D622755622FA4527004992E5 /* DateUtils.swift */; };
		D622755922FA4913004992E5 /* AppPrefs.swift in Sources */ = {isa = PBXBuildFile; fileRef = D622755822FA4913004992E5 /* AppPrefs.swift */; };
		D6283471232C87670068CF47 /* TrainingModeView.swift in Sources */ = {isa = PBXBuildFile; fileRef = D6283470232C87670068CF47 /* TrainingModeView.swift */; };
		D6283474232C8BE50068CF47 /* TrainingViewModeSpec.swift in Sources */ = {isa = PBXBuildFile; fileRef = D6283473232C8BE50068CF47 /* TrainingViewModeSpec.swift */; };
		D635DDD1232089CF00E36431 /* SignedInCoordinator.swift in Sources */ = {isa = PBXBuildFile; fileRef = D635DDD0232089CF00E36431 /* SignedInCoordinator.swift */; };
		D63BE807234A3EA60015FC27 /* OldJujuFormProtocol.swift in Sources */ = {isa = PBXBuildFile; fileRef = D63BE806234A3EA60015FC27 /* OldJujuFormProtocol.swift */; };
		D63BE80A234A567F0015FC27 /* ProfileViewController.swift in Sources */ = {isa = PBXBuildFile; fileRef = D63BE809234A567F0015FC27 /* ProfileViewController.swift */; };
		D63BE80C234A575B0015FC27 /* ProfileView.swift in Sources */ = {isa = PBXBuildFile; fileRef = D63BE80B234A575B0015FC27 /* ProfileView.swift */; };
		D6414004230028C0005BD008 /* FirebaseConstants.swift in Sources */ = {isa = PBXBuildFile; fileRef = D6414003230028C0005BD008 /* FirebaseConstants.swift */; };
		D641400623002A87005BD008 /* FirebaseQuery.swift in Sources */ = {isa = PBXBuildFile; fileRef = D641400523002A87005BD008 /* FirebaseQuery.swift */; };
		D641400823002AB9005BD008 /* FirebaseUserQuery.swift in Sources */ = {isa = PBXBuildFile; fileRef = D641400723002AB9005BD008 /* FirebaseUserQuery.swift */; };
		D645C0F022CCC39800FAB219 /* SignUpView.swift in Sources */ = {isa = PBXBuildFile; fileRef = D645C0EF22CCC39800FAB219 /* SignUpView.swift */; };
		D645C0F322CCCC0F00FAB219 /* SignUpViewSpec.swift in Sources */ = {isa = PBXBuildFile; fileRef = D645C0F222CCCC0F00FAB219 /* SignUpViewSpec.swift */; };
		D6466EB0234AB57E006E7F1A /* SplashScreenViewController.swift in Sources */ = {isa = PBXBuildFile; fileRef = D6466EAF234AB57E006E7F1A /* SplashScreenViewController.swift */; };
		D65356E7234023CC00CEE476 /* FirebaseTrainingModelsQuery.swift in Sources */ = {isa = PBXBuildFile; fileRef = D65356E6234023CC00CEE476 /* FirebaseTrainingModelsQuery.swift */; };
		D65356E92340241500CEE476 /* FirebaseTrainingModel.swift in Sources */ = {isa = PBXBuildFile; fileRef = D65356E82340241500CEE476 /* FirebaseTrainingModel.swift */; };
		D65FCC4A22C79EF400BA16E5 /* AppDelegate.swift in Sources */ = {isa = PBXBuildFile; fileRef = D65FCC4922C79EF400BA16E5 /* AppDelegate.swift */; };
		D65FCC5122C79EF500BA16E5 /* Assets.xcassets in Resources */ = {isa = PBXBuildFile; fileRef = D65FCC5022C79EF500BA16E5 /* Assets.xcassets */; };
		D65FCC5422C79EF500BA16E5 /* LaunchScreen.storyboard in Resources */ = {isa = PBXBuildFile; fileRef = D65FCC5222C79EF500BA16E5 /* LaunchScreen.storyboard */; };
		D665FC812348DF300073F192 /* FirebaseExtensions.swift in Sources */ = {isa = PBXBuildFile; fileRef = D665FC802348DF300073F192 /* FirebaseExtensions.swift */; };
		D66D5AD92312C56700F0A944 /* Styling.swift in Sources */ = {isa = PBXBuildFile; fileRef = D66D5AD82312C56700F0A944 /* Styling.swift */; };
		D66D5ADB2312CF8200F0A944 /* UITextField.swift in Sources */ = {isa = PBXBuildFile; fileRef = D66D5ADA2312CF8200F0A944 /* UITextField.swift */; };
		D67F845B22CA25DA00C5ECDE /* SnapshotUtils.swift in Sources */ = {isa = PBXBuildFile; fileRef = D67F845A22CA25DA00C5ECDE /* SnapshotUtils.swift */; };
		D67F845D22CA27AD00C5ECDE /* ViewExtension.swift in Sources */ = {isa = PBXBuildFile; fileRef = D67F845C22CA27AD00C5ECDE /* ViewExtension.swift */; };
		D67F845F22CA299200C5ECDE /* TestHelpers.swift in Sources */ = {isa = PBXBuildFile; fileRef = D67F845E22CA299200C5ECDE /* TestHelpers.swift */; };
		D681E49022F128B3003754F4 /* InputKind.swift in Sources */ = {isa = PBXBuildFile; fileRef = D681E48F22F128B3003754F4 /* InputKind.swift */; };
		D681E49322F12DF4003754F4 /* Validators.swift in Sources */ = {isa = PBXBuildFile; fileRef = D681E49222F12DF4003754F4 /* Validators.swift */; };
		D681E49522F1331A003754F4 /* TextFieldValidators.swift in Sources */ = {isa = PBXBuildFile; fileRef = D681E49422F1331A003754F4 /* TextFieldValidators.swift */; };
		D682062822CADE9B006D4937 /* JujuButton.swift in Sources */ = {isa = PBXBuildFile; fileRef = D682062722CADE9B006D4937 /* JujuButton.swift */; };
		D682062A22CAE4CC006D4937 /* JujuButtonSpec.swift in Sources */ = {isa = PBXBuildFile; fileRef = D682062922CAE4CC006D4937 /* JujuButtonSpec.swift */; };
		D6856AA723457ED100270F14 /* Series.swift in Sources */ = {isa = PBXBuildFile; fileRef = D6856AA623457ED100270F14 /* Series.swift */; };
		D6856AA923457FDB00270F14 /* DiaryProgress.swift in Sources */ = {isa = PBXBuildFile; fileRef = D6856AA823457FDB00270F14 /* DiaryProgress.swift */; };
		D6856AAC2345875E00270F14 /* FirebaseTrainingDiary.swift in Sources */ = {isa = PBXBuildFile; fileRef = D6856AAB2345875E00270F14 /* FirebaseTrainingDiary.swift */; };
		D6856AAE2345878700270F14 /* FirebaseDiaryQuery.swift in Sources */ = {isa = PBXBuildFile; fileRef = D6856AAD2345878700270F14 /* FirebaseDiaryQuery.swift */; };
		D6856AB02345A8BB00270F14 /* TrainingDiaryService.swift in Sources */ = {isa = PBXBuildFile; fileRef = D6856AAF2345A8BB00270F14 /* TrainingDiaryService.swift */; };
		D68ACB8F22C7DF9C001C94A5 /* Resources.swift in Sources */ = {isa = PBXBuildFile; fileRef = D68ACB8E22C7DF9C001C94A5 /* Resources.swift */; };
		D68ACB9222C7E329001C94A5 /* UIColor.swift in Sources */ = {isa = PBXBuildFile; fileRef = D68ACB9122C7E329001C94A5 /* UIColor.swift */; };
		D68ACBA222C7E7D4001C94A5 /* Gilroy-Regular.otf in Resources */ = {isa = PBXBuildFile; fileRef = D68ACB9922C7E7D4001C94A5 /* Gilroy-Regular.otf */; };
		D68ACBA322C7E7D4001C94A5 /* Gilroy-Medium.otf in Resources */ = {isa = PBXBuildFile; fileRef = D68ACB9A22C7E7D4001C94A5 /* Gilroy-Medium.otf */; };
		D68ACBA422C7E7D4001C94A5 /* Gilroy-Bold.otf in Resources */ = {isa = PBXBuildFile; fileRef = D68ACB9B22C7E7D4001C94A5 /* Gilroy-Bold.otf */; };
		D68ACBA522C7E7D4001C94A5 /* Gilroy-ExtraBold.otf in Resources */ = {isa = PBXBuildFile; fileRef = D68ACB9C22C7E7D4001C94A5 /* Gilroy-ExtraBold.otf */; };
		D68ACBBA22C7F79F001C94A5 /* JujuInputFieldSpec.swift in Sources */ = {isa = PBXBuildFile; fileRef = D68ACBB922C7F79F001C94A5 /* JujuInputFieldSpec.swift */; };
		D690E0202331B78E008A1DB3 /* TrainingConstants.swift in Sources */ = {isa = PBXBuildFile; fileRef = D690E01F2331B78E008A1DB3 /* TrainingConstants.swift */; };
		D6944B9C23404B030024608A /* TrainingService.swift in Sources */ = {isa = PBXBuildFile; fileRef = D6944B9B23404B030024608A /* TrainingService.swift */; };
		D69586562353877000B55896 /* UIView.swift in Sources */ = {isa = PBXBuildFile; fileRef = D69586552353877000B55896 /* UIView.swift */; };
		D695890F22C7AD16009A356C /* JujuInputField.swift in Sources */ = {isa = PBXBuildFile; fileRef = D695890E22C7AD16009A356C /* JujuInputField.swift */; };
		D695891122C7AD6E009A356C /* ViewCoding.swift in Sources */ = {isa = PBXBuildFile; fileRef = D695891022C7AD6E009A356C /* ViewCoding.swift */; };
		D695891322C7AF98009A356C /* ViewConfiguration.swift in Sources */ = {isa = PBXBuildFile; fileRef = D695891222C7AF98009A356C /* ViewConfiguration.swift */; };
		D69B923D231DF9D6009207B1 /* LoadingViewController.swift in Sources */ = {isa = PBXBuildFile; fileRef = D69B923C231DF9D6009207B1 /* LoadingViewController.swift */; };
		D69B923F231E048E009207B1 /* UIViewController.swift in Sources */ = {isa = PBXBuildFile; fileRef = D69B923E231E048E009207B1 /* UIViewController.swift */; };
		D69B9241231E0503009207B1 /* Loadable.swift in Sources */ = {isa = PBXBuildFile; fileRef = D69B9240231E0503009207B1 /* Loadable.swift */; };
		D6A3FD2222E00DC300CE41FF /* RepositoryError.swift in Sources */ = {isa = PBXBuildFile; fileRef = D6A3FD2122E00DC300CE41FF /* RepositoryError.swift */; };
		D6A3FD2622E0190500CE41FF /* FirebaseRepository.swift in Sources */ = {isa = PBXBuildFile; fileRef = D6A3FD2522E0190500CE41FF /* FirebaseRepository.swift */; };
		D6ABED1E22DF2C1C0022CF0A /* ClientUser.swift in Sources */ = {isa = PBXBuildFile; fileRef = D6ABED1D22DF2C1C0022CF0A /* ClientUser.swift */; };
		D6ABED2422DF30690022CF0A /* UserAuthenticationError.swift in Sources */ = {isa = PBXBuildFile; fileRef = D6ABED2322DF30690022CF0A /* UserAuthenticationError.swift */; };
		D6ABED2622DF30A50022CF0A /* StringErrorConstants.swift in Sources */ = {isa = PBXBuildFile; fileRef = D6ABED2522DF30A50022CF0A /* StringErrorConstants.swift */; };
		D6ABED2822DF31A00022CF0A /* FirebaseAuthErrorAdapter.swift in Sources */ = {isa = PBXBuildFile; fileRef = D6ABED2722DF31A00022CF0A /* FirebaseAuthErrorAdapter.swift */; };
		D6ABED2B22DF350D0022CF0A /* FirebaseEmailPasswordAuthentication.swift in Sources */ = {isa = PBXBuildFile; fileRef = D6ABED2A22DF350D0022CF0A /* FirebaseEmailPasswordAuthentication.swift */; };
		D6B02A4422E0070100818C17 /* Repository.swift in Sources */ = {isa = PBXBuildFile; fileRef = D6B02A4322E0070100818C17 /* Repository.swift */; };
		D6B1207522E4E6F3005180D5 /* SignInViewSpec.swift in Sources */ = {isa = PBXBuildFile; fileRef = D6B1207422E4E6F3005180D5 /* SignInViewSpec.swift */; };
		D6BC42122328642F0005B686 /* CirclesComponent.swift in Sources */ = {isa = PBXBuildFile; fileRef = D6BC42112328642F0005B686 /* CirclesComponent.swift */; };
		D6C75ADE2329E13300F44EE7 /* PlayStopComponent.swift in Sources */ = {isa = PBXBuildFile; fileRef = D6C75ADD2329E13300F44EE7 /* PlayStopComponent.swift */; };
		D6C75AE02329E69F00F44EE7 /* PlayStopComponentSpec.swift in Sources */ = {isa = PBXBuildFile; fileRef = D6C75ADF2329E69F00F44EE7 /* PlayStopComponentSpec.swift */; };
		D6C75AE22329F45000F44EE7 /* ProgressComponent.swift in Sources */ = {isa = PBXBuildFile; fileRef = D6C75AE12329F45000F44EE7 /* ProgressComponent.swift */; };
		D6CDADD222E0985C0030B753 /* FirebasePersistable.swift in Sources */ = {isa = PBXBuildFile; fileRef = D6CDADD122E0985C0030B753 /* FirebasePersistable.swift */; };
		D6CDADD422E09C520030B753 /* FirebaseUser.swift in Sources */ = {isa = PBXBuildFile; fileRef = D6CDADD322E09C520030B753 /* FirebaseUser.swift */; };
		D6D3974E232D80D600EBA4FE /* TrainingModeViewController.swift in Sources */ = {isa = PBXBuildFile; fileRef = D6D3974D232D80D600EBA4FE /* TrainingModeViewController.swift */; };
		D6D39752232D91B800EBA4FE /* TrainingCoordinator.swift in Sources */ = {isa = PBXBuildFile; fileRef = D6D39751232D91B800EBA4FE /* TrainingCoordinator.swift */; };
		D6D39754232D966400EBA4FE /* TrainingMode.swift in Sources */ = {isa = PBXBuildFile; fileRef = D6D39753232D966400EBA4FE /* TrainingMode.swift */; };
		D6E1187022F2848C00F01899 /* ValidatorsSpec.swift in Sources */ = {isa = PBXBuildFile; fileRef = D6E1186F22F2848C00F01899 /* ValidatorsSpec.swift */; };
		D6E3C6AA22EC74C800627CE6 /* GoogleService-Info.plist in Resources */ = {isa = PBXBuildFile; fileRef = D6E3C6A922EC74C800627CE6 /* GoogleService-Info.plist */; };
		D6E3C6AC22EC7ABF00627CE6 /* UserService.swift in Sources */ = {isa = PBXBuildFile; fileRef = D6E3C6AB22EC7ABF00627CE6 /* UserService.swift */; };
		D6E42DB02330699D00B42EB1 /* TrainingLevelView.swift in Sources */ = {isa = PBXBuildFile; fileRef = D6E42DAF2330699D00B42EB1 /* TrainingLevelView.swift */; };
		D6E42DB32330819100B42EB1 /* TrainingLevelViewSpec.swift in Sources */ = {isa = PBXBuildFile; fileRef = D6E42DB22330819100B42EB1 /* TrainingLevelViewSpec.swift */; };
		D6E42DB52330884D00B42EB1 /* TrainLevelViewController.swift in Sources */ = {isa = PBXBuildFile; fileRef = D6E42DB42330884D00B42EB1 /* TrainLevelViewController.swift */; };
		D6EA765A22DDF47200E87D00 /* Results.swift in Sources */ = {isa = PBXBuildFile; fileRef = D6EA765922DDF47200E87D00 /* Results.swift */; };
		D6EC19D9232A921000A6DB01 /* TrainingTimer.swift in Sources */ = {isa = PBXBuildFile; fileRef = D6EC19D8232A921000A6DB01 /* TrainingTimer.swift */; };
		D6EE5CB3232F0FDC00F3701A /* loading2x.json in Resources */ = {isa = PBXBuildFile; fileRef = D6EE5CB2232F0FDC00F3701A /* loading2x.json */; };
		D6EE5CB6232F1FBF00F3701A /* TrainLevelComponent.swift in Sources */ = {isa = PBXBuildFile; fileRef = D6EE5CB5232F1FBF00F3701A /* TrainLevelComponent.swift */; };
		D6EE5CB8232F222D00F3701A /* TrainingLevel.swift in Sources */ = {isa = PBXBuildFile; fileRef = D6EE5CB7232F222D00F3701A /* TrainingLevel.swift */; };
		D6EE5CBC232F2BEE00F3701A /* TrainLevelComponentSpec.swift in Sources */ = {isa = PBXBuildFile; fileRef = D6EE5CBB232F2BEE00F3701A /* TrainLevelComponentSpec.swift */; };
		D6EE5CC0232F303A00F3701A /* JujuLoader.swift in Sources */ = {isa = PBXBuildFile; fileRef = D6EE5CBF232F303A00F3701A /* JujuLoader.swift */; };
		D6EE5CC2232F304500F3701A /* Animatable.swift in Sources */ = {isa = PBXBuildFile; fileRef = D6EE5CC1232F304500F3701A /* Animatable.swift */; };
		D6EE5CC4232F305700F3701A /* SpinnerLoader.swift in Sources */ = {isa = PBXBuildFile; fileRef = D6EE5CC3232F305700F3701A /* SpinnerLoader.swift */; };
		D6EE63ED232587450003F50C /* NumberedCircle.swift in Sources */ = {isa = PBXBuildFile; fileRef = D6EE63EC232587450003F50C /* NumberedCircle.swift */; };
		D6EE63EF232590600003F50C /* CAShapeLayer.swift in Sources */ = {isa = PBXBuildFile; fileRef = D6EE63EE232590600003F50C /* CAShapeLayer.swift */; };
		D6F2653A22D4D94E0062C97A /* Coordinator.swift in Sources */ = {isa = PBXBuildFile; fileRef = D6F2653922D4D94E0062C97A /* Coordinator.swift */; };
		D6F2653C22D4D9830062C97A /* AppCoordinator.swift in Sources */ = {isa = PBXBuildFile; fileRef = D6F2653B22D4D9830062C97A /* AppCoordinator.swift */; };
		D6F2653E22D4DC840062C97A /* SignUpViewController.swift in Sources */ = {isa = PBXBuildFile; fileRef = D6F2653D22D4DC840062C97A /* SignUpViewController.swift */; };
		D6F3202A22F5D35300950325 /* UIAlertController.swift in Sources */ = {isa = PBXBuildFile; fileRef = D6F3202922F5D35300950325 /* UIAlertController.swift */; };
		D6FC90912353720A006440D6 /* SnackbarView.swift in Sources */ = {isa = PBXBuildFile; fileRef = D6FC90902353720A006440D6 /* SnackbarView.swift */; };
		D6FC909323537477006440D6 /* Snackbar.swift in Sources */ = {isa = PBXBuildFile; fileRef = D6FC909223537477006440D6 /* Snackbar.swift */; };
		D6FEE9D7234D6B1F002372C4 /* TrainingDataSource.swift in Sources */ = {isa = PBXBuildFile; fileRef = D6FEE9D6234D6B1F002372C4 /* TrainingDataSource.swift */; };
		D6FF00A522E34B8200D8B2CB /* SignedOutCoordinator.swift in Sources */ = {isa = PBXBuildFile; fileRef = D6FF00A422E34B8200D8B2CB /* SignedOutCoordinator.swift */; };
		D6FF00A822E34BE800D8B2CB /* IntroView.swift in Sources */ = {isa = PBXBuildFile; fileRef = D6FF00A722E34BE800D8B2CB /* IntroView.swift */; };
		D6FF00AA22E350E900D8B2CB /* IntroViewSpec.swift in Sources */ = {isa = PBXBuildFile; fileRef = D6FF00A922E350E900D8B2CB /* IntroViewSpec.swift */; };
		D6FF00AF22E3550B00D8B2CB /* IntroViewController.swift in Sources */ = {isa = PBXBuildFile; fileRef = D6FF00AE22E3550B00D8B2CB /* IntroViewController.swift */; };
		D6FF00B222E39ED200D8B2CB /* SignInView.swift in Sources */ = {isa = PBXBuildFile; fileRef = D6FF00B122E39ED200D8B2CB /* SignInView.swift */; };
		D6FF00BF22E3CC5600D8B2CB /* Notification.swift in Sources */ = {isa = PBXBuildFile; fileRef = D6FF00BE22E3CC5600D8B2CB /* Notification.swift */; };
		D6FF00C222E3CC8F00D8B2CB /* KeyboardListener.swift in Sources */ = {isa = PBXBuildFile; fileRef = D6FF00C122E3CC8F00D8B2CB /* KeyboardListener.swift */; };
/* End PBXBuildFile section */

/* Begin PBXContainerItemProxy section */
		D68ACBB322C7F763001C94A5 /* PBXContainerItemProxy */ = {
			isa = PBXContainerItemProxy;
			containerPortal = D65FCC3E22C79EF400BA16E5 /* Project object */;
			proxyType = 1;
			remoteGlobalIDString = D65FCC4522C79EF400BA16E5;
			remoteInfo = juju;
		};
/* End PBXContainerItemProxy section */

/* Begin PBXFileReference section */
		056D944913A4FA78B9ACA0E2 /* Pods-jujuTests.release.xcconfig */ = {isa = PBXFileReference; includeInIndex = 1; lastKnownFileType = text.xcconfig; name = "Pods-jujuTests.release.xcconfig"; path = "Target Support Files/Pods-jujuTests/Pods-jujuTests.release.xcconfig"; sourceTree = "<group>"; };
		141CB07F668A4F76F65CD92E /* Pods-juju.debug.xcconfig */ = {isa = PBXFileReference; includeInIndex = 1; lastKnownFileType = text.xcconfig; name = "Pods-juju.debug.xcconfig"; path = "Target Support Files/Pods-juju/Pods-juju.debug.xcconfig"; sourceTree = "<group>"; };
		150E24882355E2C200F11C8E /* CalendarView.swift */ = {isa = PBXFileReference; lastKnownFileType = sourcecode.swift; path = CalendarView.swift; sourceTree = "<group>"; };
		150E248A2355E2D200F11C8E /* CalendarViewController.swift */ = {isa = PBXFileReference; lastKnownFileType = sourcecode.swift; path = CalendarViewController.swift; sourceTree = "<group>"; };
		1550DCAB235B4379000CBC7C /* FormHeaderView.swift */ = {isa = PBXFileReference; lastKnownFileType = sourcecode.swift; path = FormHeaderView.swift; sourceTree = "<group>"; };
		1550DCAE235B8576000CBC7C /* UITabBarController.swift */ = {isa = PBXFileReference; lastKnownFileType = sourcecode.swift; path = UITabBarController.swift; sourceTree = "<group>"; };
		1550DCB1235B89B5000CBC7C /* Rubik-Medium.ttf */ = {isa = PBXFileReference; lastKnownFileType = file; path = "Rubik-Medium.ttf"; sourceTree = "<group>"; };
		1550DCB2235B89B5000CBC7C /* Rubik-Regular.ttf */ = {isa = PBXFileReference; lastKnownFileType = file; path = "Rubik-Regular.ttf"; sourceTree = "<group>"; };
		15AA30E6235AADCE007D7173 /* ChangePasswordView.swift */ = {isa = PBXFileReference; lastKnownFileType = sourcecode.swift; path = ChangePasswordView.swift; sourceTree = "<group>"; };
		15AA30E8235AADE1007D7173 /* ChangePasswordViewController.swift */ = {isa = PBXFileReference; lastKnownFileType = sourcecode.swift; path = ChangePasswordViewController.swift; sourceTree = "<group>"; };
		15AA30EB235AB7D7007D7173 /* ProfileCoordinator.swift */ = {isa = PBXFileReference; lastKnownFileType = sourcecode.swift; path = ProfileCoordinator.swift; sourceTree = "<group>"; };
		15E0947A2356B35000FE85D3 /* DateCircleView.swift */ = {isa = PBXFileReference; lastKnownFileType = sourcecode.swift; path = DateCircleView.swift; sourceTree = "<group>"; };
		15E0947C2356BF8500FE85D3 /* CalendarCoordinator.swift */ = {isa = PBXFileReference; lastKnownFileType = sourcecode.swift; path = CalendarCoordinator.swift; sourceTree = "<group>"; };
		15E0947E2356CC4E00FE85D3 /* CalendarHeaderView.swift */ = {isa = PBXFileReference; lastKnownFileType = sourcecode.swift; path = CalendarHeaderView.swift; sourceTree = "<group>"; };
		15F786A12359522B00D1C211 /* ProfileFooterView.swift */ = {isa = PBXFileReference; lastKnownFileType = sourcecode.swift; path = ProfileFooterView.swift; sourceTree = "<group>"; };
		1B3AD8AF7EE33C59F99BDC09 /* Pods-jujuTests.debug.xcconfig */ = {isa = PBXFileReference; includeInIndex = 1; lastKnownFileType = text.xcconfig; name = "Pods-jujuTests.debug.xcconfig"; path = "Target Support Files/Pods-jujuTests/Pods-jujuTests.debug.xcconfig"; sourceTree = "<group>"; };
		520468F01B60305E7F01B021 /* Pods_jujuTests.framework */ = {isa = PBXFileReference; explicitFileType = wrapper.framework; includeInIndex = 0; path = Pods_jujuTests.framework; sourceTree = BUILT_PRODUCTS_DIR; };
		C44B68D6A1B63E7C14E046D2 /* Pods_juju.framework */ = {isa = PBXFileReference; explicitFileType = wrapper.framework; includeInIndex = 0; path = Pods_juju.framework; sourceTree = BUILT_PRODUCTS_DIR; };
		C8B963747690D2B138C0423C /* Pods-juju.release.xcconfig */ = {isa = PBXFileReference; includeInIndex = 1; lastKnownFileType = text.xcconfig; name = "Pods-juju.release.xcconfig"; path = "Target Support Files/Pods-juju/Pods-juju.release.xcconfig"; sourceTree = "<group>"; };
		D6046F3822EF1444002FB78B /* DateFormatters.swift */ = {isa = PBXFileReference; lastKnownFileType = sourcecode.swift; path = DateFormatters.swift; sourceTree = "<group>"; };
		D60927542340097F00B0F594 /* TrainingModel.swift */ = {isa = PBXFileReference; lastKnownFileType = sourcecode.swift; path = TrainingModel.swift; sourceTree = "<group>"; };
		D60AF49922E48FB700597BEA /* JujuUnderlinedButton.swift */ = {isa = PBXFileReference; lastKnownFileType = sourcecode.swift; path = JujuUnderlinedButton.swift; sourceTree = "<group>"; };
		D61216592344303B003AB0C3 /* UserDefaultsStorage.swift */ = {isa = PBXFileReference; lastKnownFileType = sourcecode.swift; path = UserDefaultsStorage.swift; sourceTree = "<group>"; };
		D612165B23443154003AB0C3 /* LocalStorageProtocol.swift */ = {isa = PBXFileReference; lastKnownFileType = sourcecode.swift; path = LocalStorageProtocol.swift; sourceTree = "<group>"; };
		D612165D234447A1003AB0C3 /* RepetitionsProgress.swift */ = {isa = PBXFileReference; lastKnownFileType = sourcecode.swift; path = RepetitionsProgress.swift; sourceTree = "<group>"; };
		D6182B48232406AF00932DA3 /* TrainingViewController.swift */ = {isa = PBXFileReference; lastKnownFileType = sourcecode.swift; path = TrainingViewController.swift; sourceTree = "<group>"; };
		D6182B4A232406CF00932DA3 /* TrainingView.swift */ = {isa = PBXFileReference; lastKnownFileType = sourcecode.swift; path = TrainingView.swift; sourceTree = "<group>"; };
		D6182B4C23240D3200932DA3 /* JujuButtonWithAccessory.swift */ = {isa = PBXFileReference; lastKnownFileType = sourcecode.swift; path = JujuButtonWithAccessory.swift; sourceTree = "<group>"; };
		D6182B4E23240DF200932DA3 /* JujuButtonWithAccessoryConfiguration.swift */ = {isa = PBXFileReference; lastKnownFileType = sourcecode.swift; path = JujuButtonWithAccessoryConfiguration.swift; sourceTree = "<group>"; };
		D6182B502324168000932DA3 /* TrainingFooterButtonSpec.swift */ = {isa = PBXFileReference; lastKnownFileType = sourcecode.swift; path = TrainingFooterButtonSpec.swift; sourceTree = "<group>"; };
		D6182B5223242E3C00932DA3 /* JujuTabBarController.swift */ = {isa = PBXFileReference; lastKnownFileType = sourcecode.swift; path = JujuTabBarController.swift; sourceTree = "<group>"; };
		D6182B5423243D3100932DA3 /* UINavigationController.swift */ = {isa = PBXFileReference; lastKnownFileType = sourcecode.swift; path = UINavigationController.swift; sourceTree = "<group>"; };
		D6182B5C2324540000932DA3 /* TrainingViewInitialConfiguration.swift */ = {isa = PBXFileReference; lastKnownFileType = sourcecode.swift; path = TrainingViewInitialConfiguration.swift; sourceTree = "<group>"; };
		D61E0C3522E491B1003700EA /* UIButton.swift */ = {isa = PBXFileReference; lastKnownFileType = sourcecode.swift; path = UIButton.swift; sourceTree = "<group>"; };
		D61E0C3722E4930D003700EA /* JujuUnderlinedButtonSpec.swift */ = {isa = PBXFileReference; lastKnownFileType = sourcecode.swift; path = JujuUnderlinedButtonSpec.swift; sourceTree = "<group>"; };
		D61E0C3922E4A5B7003700EA /* String.swift */ = {isa = PBXFileReference; lastKnownFileType = sourcecode.swift; path = String.swift; sourceTree = "<group>"; };
		D61E0C3B22E4D41D003700EA /* JujuFormProtocol.swift */ = {isa = PBXFileReference; lastKnownFileType = sourcecode.swift; path = JujuFormProtocol.swift; sourceTree = "<group>"; };
		D61E0C3D22E4D62D003700EA /* SignInViewController.swift */ = {isa = PBXFileReference; lastKnownFileType = sourcecode.swift; path = SignInViewController.swift; sourceTree = "<group>"; };
		D622755622FA4527004992E5 /* DateUtils.swift */ = {isa = PBXFileReference; lastKnownFileType = sourcecode.swift; path = DateUtils.swift; sourceTree = "<group>"; };
		D622755822FA4913004992E5 /* AppPrefs.swift */ = {isa = PBXFileReference; lastKnownFileType = sourcecode.swift; path = AppPrefs.swift; sourceTree = "<group>"; };
		D6283470232C87670068CF47 /* TrainingModeView.swift */ = {isa = PBXFileReference; lastKnownFileType = sourcecode.swift; path = TrainingModeView.swift; sourceTree = "<group>"; };
		D6283473232C8BE50068CF47 /* TrainingViewModeSpec.swift */ = {isa = PBXFileReference; lastKnownFileType = sourcecode.swift; path = TrainingViewModeSpec.swift; sourceTree = "<group>"; };
		D635DDD0232089CF00E36431 /* SignedInCoordinator.swift */ = {isa = PBXFileReference; lastKnownFileType = sourcecode.swift; path = SignedInCoordinator.swift; sourceTree = "<group>"; };
		D63BE806234A3EA60015FC27 /* OldJujuFormProtocol.swift */ = {isa = PBXFileReference; lastKnownFileType = sourcecode.swift; path = OldJujuFormProtocol.swift; sourceTree = "<group>"; };
		D63BE809234A567F0015FC27 /* ProfileViewController.swift */ = {isa = PBXFileReference; lastKnownFileType = sourcecode.swift; path = ProfileViewController.swift; sourceTree = "<group>"; };
		D63BE80B234A575B0015FC27 /* ProfileView.swift */ = {isa = PBXFileReference; lastKnownFileType = sourcecode.swift; path = ProfileView.swift; sourceTree = "<group>"; };
		D6414003230028C0005BD008 /* FirebaseConstants.swift */ = {isa = PBXFileReference; lastKnownFileType = sourcecode.swift; path = FirebaseConstants.swift; sourceTree = "<group>"; };
		D641400523002A87005BD008 /* FirebaseQuery.swift */ = {isa = PBXFileReference; lastKnownFileType = sourcecode.swift; path = FirebaseQuery.swift; sourceTree = "<group>"; };
		D641400723002AB9005BD008 /* FirebaseUserQuery.swift */ = {isa = PBXFileReference; lastKnownFileType = sourcecode.swift; path = FirebaseUserQuery.swift; sourceTree = "<group>"; };
		D645C0EF22CCC39800FAB219 /* SignUpView.swift */ = {isa = PBXFileReference; lastKnownFileType = sourcecode.swift; path = SignUpView.swift; sourceTree = "<group>"; };
		D645C0F222CCCC0F00FAB219 /* SignUpViewSpec.swift */ = {isa = PBXFileReference; lastKnownFileType = sourcecode.swift; path = SignUpViewSpec.swift; sourceTree = "<group>"; };
		D6466EAF234AB57E006E7F1A /* SplashScreenViewController.swift */ = {isa = PBXFileReference; lastKnownFileType = sourcecode.swift; path = SplashScreenViewController.swift; sourceTree = "<group>"; };
		D65356E6234023CC00CEE476 /* FirebaseTrainingModelsQuery.swift */ = {isa = PBXFileReference; lastKnownFileType = sourcecode.swift; path = FirebaseTrainingModelsQuery.swift; sourceTree = "<group>"; };
		D65356E82340241500CEE476 /* FirebaseTrainingModel.swift */ = {isa = PBXFileReference; lastKnownFileType = sourcecode.swift; path = FirebaseTrainingModel.swift; sourceTree = "<group>"; };
		D65FCC4622C79EF400BA16E5 /* juju.app */ = {isa = PBXFileReference; explicitFileType = wrapper.application; includeInIndex = 0; path = juju.app; sourceTree = BUILT_PRODUCTS_DIR; };
		D65FCC4922C79EF400BA16E5 /* AppDelegate.swift */ = {isa = PBXFileReference; lastKnownFileType = sourcecode.swift; path = AppDelegate.swift; sourceTree = "<group>"; };
		D65FCC5022C79EF500BA16E5 /* Assets.xcassets */ = {isa = PBXFileReference; lastKnownFileType = folder.assetcatalog; path = Assets.xcassets; sourceTree = "<group>"; };
		D65FCC5322C79EF500BA16E5 /* Base */ = {isa = PBXFileReference; lastKnownFileType = file.storyboard; name = Base; path = Base.lproj/LaunchScreen.storyboard; sourceTree = "<group>"; };
		D65FCC5522C79EF500BA16E5 /* Info.plist */ = {isa = PBXFileReference; lastKnownFileType = text.plist.xml; path = Info.plist; sourceTree = "<group>"; };
		D665FC802348DF300073F192 /* FirebaseExtensions.swift */ = {isa = PBXFileReference; lastKnownFileType = sourcecode.swift; path = FirebaseExtensions.swift; sourceTree = "<group>"; };
		D66D5AD82312C56700F0A944 /* Styling.swift */ = {isa = PBXFileReference; lastKnownFileType = sourcecode.swift; path = Styling.swift; sourceTree = "<group>"; };
		D66D5ADA2312CF8200F0A944 /* UITextField.swift */ = {isa = PBXFileReference; lastKnownFileType = sourcecode.swift; path = UITextField.swift; sourceTree = "<group>"; };
		D67F845A22CA25DA00C5ECDE /* SnapshotUtils.swift */ = {isa = PBXFileReference; lastKnownFileType = sourcecode.swift; path = SnapshotUtils.swift; sourceTree = "<group>"; };
		D67F845C22CA27AD00C5ECDE /* ViewExtension.swift */ = {isa = PBXFileReference; lastKnownFileType = sourcecode.swift; path = ViewExtension.swift; sourceTree = "<group>"; };
		D67F845E22CA299200C5ECDE /* TestHelpers.swift */ = {isa = PBXFileReference; lastKnownFileType = sourcecode.swift; path = TestHelpers.swift; sourceTree = "<group>"; };
		D681E48F22F128B3003754F4 /* InputKind.swift */ = {isa = PBXFileReference; lastKnownFileType = sourcecode.swift; path = InputKind.swift; sourceTree = "<group>"; };
		D681E49222F12DF4003754F4 /* Validators.swift */ = {isa = PBXFileReference; lastKnownFileType = sourcecode.swift; path = Validators.swift; sourceTree = "<group>"; };
		D681E49422F1331A003754F4 /* TextFieldValidators.swift */ = {isa = PBXFileReference; lastKnownFileType = sourcecode.swift; path = TextFieldValidators.swift; sourceTree = "<group>"; };
		D682062722CADE9B006D4937 /* JujuButton.swift */ = {isa = PBXFileReference; lastKnownFileType = sourcecode.swift; path = JujuButton.swift; sourceTree = "<group>"; };
		D682062922CAE4CC006D4937 /* JujuButtonSpec.swift */ = {isa = PBXFileReference; lastKnownFileType = sourcecode.swift; path = JujuButtonSpec.swift; sourceTree = "<group>"; };
		D6856AA623457ED100270F14 /* Series.swift */ = {isa = PBXFileReference; lastKnownFileType = sourcecode.swift; path = Series.swift; sourceTree = "<group>"; };
		D6856AA823457FDB00270F14 /* DiaryProgress.swift */ = {isa = PBXFileReference; lastKnownFileType = sourcecode.swift; path = DiaryProgress.swift; sourceTree = "<group>"; };
		D6856AAB2345875E00270F14 /* FirebaseTrainingDiary.swift */ = {isa = PBXFileReference; lastKnownFileType = sourcecode.swift; path = FirebaseTrainingDiary.swift; sourceTree = "<group>"; };
		D6856AAD2345878700270F14 /* FirebaseDiaryQuery.swift */ = {isa = PBXFileReference; lastKnownFileType = sourcecode.swift; path = FirebaseDiaryQuery.swift; sourceTree = "<group>"; };
		D6856AAF2345A8BB00270F14 /* TrainingDiaryService.swift */ = {isa = PBXFileReference; lastKnownFileType = sourcecode.swift; path = TrainingDiaryService.swift; sourceTree = "<group>"; };
		D68ACB8E22C7DF9C001C94A5 /* Resources.swift */ = {isa = PBXFileReference; lastKnownFileType = sourcecode.swift; path = Resources.swift; sourceTree = "<group>"; };
		D68ACB9122C7E329001C94A5 /* UIColor.swift */ = {isa = PBXFileReference; lastKnownFileType = sourcecode.swift; path = UIColor.swift; sourceTree = "<group>"; };
		D68ACB9922C7E7D4001C94A5 /* Gilroy-Regular.otf */ = {isa = PBXFileReference; lastKnownFileType = file; path = "Gilroy-Regular.otf"; sourceTree = "<group>"; };
		D68ACB9A22C7E7D4001C94A5 /* Gilroy-Medium.otf */ = {isa = PBXFileReference; lastKnownFileType = file; path = "Gilroy-Medium.otf"; sourceTree = "<group>"; };
		D68ACB9B22C7E7D4001C94A5 /* Gilroy-Bold.otf */ = {isa = PBXFileReference; lastKnownFileType = file; path = "Gilroy-Bold.otf"; sourceTree = "<group>"; };
		D68ACB9C22C7E7D4001C94A5 /* Gilroy-ExtraBold.otf */ = {isa = PBXFileReference; lastKnownFileType = file; path = "Gilroy-ExtraBold.otf"; sourceTree = "<group>"; };
		D68ACBAE22C7F763001C94A5 /* jujuTests.xctest */ = {isa = PBXFileReference; explicitFileType = wrapper.cfbundle; includeInIndex = 0; path = jujuTests.xctest; sourceTree = BUILT_PRODUCTS_DIR; };
		D68ACBB222C7F763001C94A5 /* Info.plist */ = {isa = PBXFileReference; lastKnownFileType = text.plist.xml; path = Info.plist; sourceTree = "<group>"; };
		D68ACBB922C7F79F001C94A5 /* JujuInputFieldSpec.swift */ = {isa = PBXFileReference; lastKnownFileType = sourcecode.swift; path = JujuInputFieldSpec.swift; sourceTree = "<group>"; };
		D690E01F2331B78E008A1DB3 /* TrainingConstants.swift */ = {isa = PBXFileReference; lastKnownFileType = sourcecode.swift; path = TrainingConstants.swift; sourceTree = "<group>"; };
		D6944B9B23404B030024608A /* TrainingService.swift */ = {isa = PBXFileReference; lastKnownFileType = sourcecode.swift; path = TrainingService.swift; sourceTree = "<group>"; };
		D69586552353877000B55896 /* UIView.swift */ = {isa = PBXFileReference; lastKnownFileType = sourcecode.swift; path = UIView.swift; sourceTree = "<group>"; };
		D695890E22C7AD16009A356C /* JujuInputField.swift */ = {isa = PBXFileReference; lastKnownFileType = sourcecode.swift; path = JujuInputField.swift; sourceTree = "<group>"; };
		D695891022C7AD6E009A356C /* ViewCoding.swift */ = {isa = PBXFileReference; lastKnownFileType = sourcecode.swift; path = ViewCoding.swift; sourceTree = "<group>"; };
		D695891222C7AF98009A356C /* ViewConfiguration.swift */ = {isa = PBXFileReference; lastKnownFileType = sourcecode.swift; path = ViewConfiguration.swift; sourceTree = "<group>"; };
		D69B923C231DF9D6009207B1 /* LoadingViewController.swift */ = {isa = PBXFileReference; lastKnownFileType = sourcecode.swift; path = LoadingViewController.swift; sourceTree = "<group>"; };
		D69B923E231E048E009207B1 /* UIViewController.swift */ = {isa = PBXFileReference; lastKnownFileType = sourcecode.swift; path = UIViewController.swift; sourceTree = "<group>"; };
		D69B9240231E0503009207B1 /* Loadable.swift */ = {isa = PBXFileReference; lastKnownFileType = sourcecode.swift; path = Loadable.swift; sourceTree = "<group>"; };
		D6A3FD2122E00DC300CE41FF /* RepositoryError.swift */ = {isa = PBXFileReference; lastKnownFileType = sourcecode.swift; path = RepositoryError.swift; sourceTree = "<group>"; };
		D6A3FD2522E0190500CE41FF /* FirebaseRepository.swift */ = {isa = PBXFileReference; lastKnownFileType = sourcecode.swift; path = FirebaseRepository.swift; sourceTree = "<group>"; };
		D6ABED1D22DF2C1C0022CF0A /* ClientUser.swift */ = {isa = PBXFileReference; lastKnownFileType = sourcecode.swift; path = ClientUser.swift; sourceTree = "<group>"; };
		D6ABED2322DF30690022CF0A /* UserAuthenticationError.swift */ = {isa = PBXFileReference; lastKnownFileType = sourcecode.swift; path = UserAuthenticationError.swift; sourceTree = "<group>"; };
		D6ABED2522DF30A50022CF0A /* StringErrorConstants.swift */ = {isa = PBXFileReference; lastKnownFileType = sourcecode.swift; path = StringErrorConstants.swift; sourceTree = "<group>"; };
		D6ABED2722DF31A00022CF0A /* FirebaseAuthErrorAdapter.swift */ = {isa = PBXFileReference; lastKnownFileType = sourcecode.swift; path = FirebaseAuthErrorAdapter.swift; sourceTree = "<group>"; };
		D6ABED2A22DF350D0022CF0A /* FirebaseEmailPasswordAuthentication.swift */ = {isa = PBXFileReference; lastKnownFileType = sourcecode.swift; path = FirebaseEmailPasswordAuthentication.swift; sourceTree = "<group>"; };
		D6B02A4322E0070100818C17 /* Repository.swift */ = {isa = PBXFileReference; lastKnownFileType = sourcecode.swift; path = Repository.swift; sourceTree = "<group>"; };
		D6B1207422E4E6F3005180D5 /* SignInViewSpec.swift */ = {isa = PBXFileReference; lastKnownFileType = sourcecode.swift; path = SignInViewSpec.swift; sourceTree = "<group>"; };
		D6BC42112328642F0005B686 /* CirclesComponent.swift */ = {isa = PBXFileReference; lastKnownFileType = sourcecode.swift; path = CirclesComponent.swift; sourceTree = "<group>"; };
		D6C75ADD2329E13300F44EE7 /* PlayStopComponent.swift */ = {isa = PBXFileReference; lastKnownFileType = sourcecode.swift; path = PlayStopComponent.swift; sourceTree = "<group>"; };
		D6C75ADF2329E69F00F44EE7 /* PlayStopComponentSpec.swift */ = {isa = PBXFileReference; lastKnownFileType = sourcecode.swift; path = PlayStopComponentSpec.swift; sourceTree = "<group>"; };
		D6C75AE12329F45000F44EE7 /* ProgressComponent.swift */ = {isa = PBXFileReference; lastKnownFileType = sourcecode.swift; path = ProgressComponent.swift; sourceTree = "<group>"; };
		D6CDADD122E0985C0030B753 /* FirebasePersistable.swift */ = {isa = PBXFileReference; lastKnownFileType = sourcecode.swift; path = FirebasePersistable.swift; sourceTree = "<group>"; };
		D6CDADD322E09C520030B753 /* FirebaseUser.swift */ = {isa = PBXFileReference; lastKnownFileType = sourcecode.swift; path = FirebaseUser.swift; sourceTree = "<group>"; };
		D6D3974D232D80D600EBA4FE /* TrainingModeViewController.swift */ = {isa = PBXFileReference; lastKnownFileType = sourcecode.swift; path = TrainingModeViewController.swift; sourceTree = "<group>"; };
		D6D39751232D91B800EBA4FE /* TrainingCoordinator.swift */ = {isa = PBXFileReference; lastKnownFileType = sourcecode.swift; path = TrainingCoordinator.swift; sourceTree = "<group>"; };
		D6D39753232D966400EBA4FE /* TrainingMode.swift */ = {isa = PBXFileReference; lastKnownFileType = sourcecode.swift; path = TrainingMode.swift; sourceTree = "<group>"; };
		D6E1186F22F2848C00F01899 /* ValidatorsSpec.swift */ = {isa = PBXFileReference; lastKnownFileType = sourcecode.swift; path = ValidatorsSpec.swift; sourceTree = "<group>"; };
		D6E3C6A922EC74C800627CE6 /* GoogleService-Info.plist */ = {isa = PBXFileReference; fileEncoding = 4; lastKnownFileType = text.plist.xml; path = "GoogleService-Info.plist"; sourceTree = "<group>"; };
		D6E3C6AB22EC7ABF00627CE6 /* UserService.swift */ = {isa = PBXFileReference; lastKnownFileType = sourcecode.swift; path = UserService.swift; sourceTree = "<group>"; };
		D6E42DAF2330699D00B42EB1 /* TrainingLevelView.swift */ = {isa = PBXFileReference; lastKnownFileType = sourcecode.swift; path = TrainingLevelView.swift; sourceTree = "<group>"; };
		D6E42DB22330819100B42EB1 /* TrainingLevelViewSpec.swift */ = {isa = PBXFileReference; lastKnownFileType = sourcecode.swift; path = TrainingLevelViewSpec.swift; sourceTree = "<group>"; };
		D6E42DB42330884D00B42EB1 /* TrainLevelViewController.swift */ = {isa = PBXFileReference; lastKnownFileType = sourcecode.swift; path = TrainLevelViewController.swift; sourceTree = "<group>"; };
		D6EA765922DDF47200E87D00 /* Results.swift */ = {isa = PBXFileReference; lastKnownFileType = sourcecode.swift; path = Results.swift; sourceTree = "<group>"; };
		D6EC19D8232A921000A6DB01 /* TrainingTimer.swift */ = {isa = PBXFileReference; lastKnownFileType = sourcecode.swift; path = TrainingTimer.swift; sourceTree = "<group>"; };
		D6EE5CB2232F0FDC00F3701A /* loading2x.json */ = {isa = PBXFileReference; fileEncoding = 4; lastKnownFileType = text.json; path = loading2x.json; sourceTree = "<group>"; };
		D6EE5CB5232F1FBF00F3701A /* TrainLevelComponent.swift */ = {isa = PBXFileReference; lastKnownFileType = sourcecode.swift; path = TrainLevelComponent.swift; sourceTree = "<group>"; };
		D6EE5CB7232F222D00F3701A /* TrainingLevel.swift */ = {isa = PBXFileReference; lastKnownFileType = sourcecode.swift; path = TrainingLevel.swift; sourceTree = "<group>"; };
		D6EE5CBB232F2BEE00F3701A /* TrainLevelComponentSpec.swift */ = {isa = PBXFileReference; lastKnownFileType = sourcecode.swift; path = TrainLevelComponentSpec.swift; sourceTree = "<group>"; };
		D6EE5CBF232F303A00F3701A /* JujuLoader.swift */ = {isa = PBXFileReference; lastKnownFileType = sourcecode.swift; path = JujuLoader.swift; sourceTree = "<group>"; };
		D6EE5CC1232F304500F3701A /* Animatable.swift */ = {isa = PBXFileReference; lastKnownFileType = sourcecode.swift; path = Animatable.swift; sourceTree = "<group>"; };
		D6EE5CC3232F305700F3701A /* SpinnerLoader.swift */ = {isa = PBXFileReference; lastKnownFileType = sourcecode.swift; path = SpinnerLoader.swift; sourceTree = "<group>"; };
		D6EE63EC232587450003F50C /* NumberedCircle.swift */ = {isa = PBXFileReference; lastKnownFileType = sourcecode.swift; path = NumberedCircle.swift; sourceTree = "<group>"; };
		D6EE63EE232590600003F50C /* CAShapeLayer.swift */ = {isa = PBXFileReference; lastKnownFileType = sourcecode.swift; path = CAShapeLayer.swift; sourceTree = "<group>"; };
		D6F2653922D4D94E0062C97A /* Coordinator.swift */ = {isa = PBXFileReference; lastKnownFileType = sourcecode.swift; path = Coordinator.swift; sourceTree = "<group>"; };
		D6F2653B22D4D9830062C97A /* AppCoordinator.swift */ = {isa = PBXFileReference; lastKnownFileType = sourcecode.swift; path = AppCoordinator.swift; sourceTree = "<group>"; };
		D6F2653D22D4DC840062C97A /* SignUpViewController.swift */ = {isa = PBXFileReference; lastKnownFileType = sourcecode.swift; path = SignUpViewController.swift; sourceTree = "<group>"; };
		D6F3202922F5D35300950325 /* UIAlertController.swift */ = {isa = PBXFileReference; lastKnownFileType = sourcecode.swift; path = UIAlertController.swift; sourceTree = "<group>"; };
		D6FC90902353720A006440D6 /* SnackbarView.swift */ = {isa = PBXFileReference; lastKnownFileType = sourcecode.swift; path = SnackbarView.swift; sourceTree = "<group>"; };
		D6FC909223537477006440D6 /* Snackbar.swift */ = {isa = PBXFileReference; lastKnownFileType = sourcecode.swift; path = Snackbar.swift; sourceTree = "<group>"; };
		D6FEE9D6234D6B1F002372C4 /* TrainingDataSource.swift */ = {isa = PBXFileReference; lastKnownFileType = sourcecode.swift; path = TrainingDataSource.swift; sourceTree = "<group>"; };
		D6FF00A422E34B8200D8B2CB /* SignedOutCoordinator.swift */ = {isa = PBXFileReference; lastKnownFileType = sourcecode.swift; path = SignedOutCoordinator.swift; sourceTree = "<group>"; };
		D6FF00A722E34BE800D8B2CB /* IntroView.swift */ = {isa = PBXFileReference; lastKnownFileType = sourcecode.swift; path = IntroView.swift; sourceTree = "<group>"; };
		D6FF00A922E350E900D8B2CB /* IntroViewSpec.swift */ = {isa = PBXFileReference; lastKnownFileType = sourcecode.swift; path = IntroViewSpec.swift; sourceTree = "<group>"; };
		D6FF00AE22E3550B00D8B2CB /* IntroViewController.swift */ = {isa = PBXFileReference; lastKnownFileType = sourcecode.swift; path = IntroViewController.swift; sourceTree = "<group>"; };
		D6FF00B122E39ED200D8B2CB /* SignInView.swift */ = {isa = PBXFileReference; lastKnownFileType = sourcecode.swift; path = SignInView.swift; sourceTree = "<group>"; };
		D6FF00BE22E3CC5600D8B2CB /* Notification.swift */ = {isa = PBXFileReference; lastKnownFileType = sourcecode.swift; path = Notification.swift; sourceTree = "<group>"; };
		D6FF00C122E3CC8F00D8B2CB /* KeyboardListener.swift */ = {isa = PBXFileReference; lastKnownFileType = sourcecode.swift; path = KeyboardListener.swift; sourceTree = "<group>"; };
/* End PBXFileReference section */

/* Begin PBXFrameworksBuildPhase section */
		D65FCC4322C79EF400BA16E5 /* Frameworks */ = {
			isa = PBXFrameworksBuildPhase;
			buildActionMask = 2147483647;
			files = (
				359D3F1B28B462F78214F6A6 /* Pods_juju.framework in Frameworks */,
			);
			runOnlyForDeploymentPostprocessing = 0;
		};
		D68ACBAB22C7F763001C94A5 /* Frameworks */ = {
			isa = PBXFrameworksBuildPhase;
			buildActionMask = 2147483647;
			files = (
				A6500915E49D0AC64B755E88 /* Pods_jujuTests.framework in Frameworks */,
			);
			runOnlyForDeploymentPostprocessing = 0;
		};
/* End PBXFrameworksBuildPhase section */

/* Begin PBXGroup section */
		150E24872355E2AE00F11C8E /* Calendar */ = {
			isa = PBXGroup;
			children = (
				150E24882355E2C200F11C8E /* CalendarView.swift */,
				150E248A2355E2D200F11C8E /* CalendarViewController.swift */,
				15E0947A2356B35000FE85D3 /* DateCircleView.swift */,
				15E0947C2356BF8500FE85D3 /* CalendarCoordinator.swift */,
				15E0947E2356CC4E00FE85D3 /* CalendarHeaderView.swift */,
			);
			path = Calendar;
			sourceTree = "<group>";
		};
		1550DCAD235B5963000CBC7C /* ProfileInfo */ = {
			isa = PBXGroup;
			children = (
				D63BE809234A567F0015FC27 /* ProfileViewController.swift */,
				D63BE80B234A575B0015FC27 /* ProfileView.swift */,
				15F786A12359522B00D1C211 /* ProfileFooterView.swift */,
			);
			path = ProfileInfo;
			sourceTree = "<group>";
		};
		1550DCB0235B890D000CBC7C /* Rubik */ = {
			isa = PBXGroup;
			children = (
				1550DCB1235B89B5000CBC7C /* Rubik-Medium.ttf */,
				1550DCB2235B89B5000CBC7C /* Rubik-Regular.ttf */,
			);
			path = Rubik;
			sourceTree = "<group>";
		};
		15AA30EA235AADE7007D7173 /* ChangePassword */ = {
			isa = PBXGroup;
			children = (
				15AA30E6235AADCE007D7173 /* ChangePasswordView.swift */,
				15AA30E8235AADE1007D7173 /* ChangePasswordViewController.swift */,
				1550DCAB235B4379000CBC7C /* FormHeaderView.swift */,
			);
			path = ChangePassword;
			sourceTree = "<group>";
		};
		4008D6DB513CD81095C2E1DD /* Frameworks */ = {
			isa = PBXGroup;
			children = (
				C44B68D6A1B63E7C14E046D2 /* Pods_juju.framework */,
				520468F01B60305E7F01B021 /* Pods_jujuTests.framework */,
			);
			name = Frameworks;
			sourceTree = "<group>";
		};
		D61216572344300B003AB0C3 /* Local */ = {
			isa = PBXGroup;
			children = (
				D61216592344303B003AB0C3 /* UserDefaultsStorage.swift */,
				D612165B23443154003AB0C3 /* LocalStorageProtocol.swift */,
			);
			path = Local;
			sourceTree = "<group>";
		};
		D61E0C3F22E4D6CF003700EA /* SignedOutScenes */ = {
			isa = PBXGroup;
			children = (
				D6466EAC234AB551006E7F1A /* Splash */,
				D6EE5CC8232F37C500F3701A /* Coordinator */,
				D6FF00A622E34BCE00D8B2CB /* Intro */,
				D645C0EE22CCC33C00FAB219 /* SignUp */,
				D6FF00B022E39EBF00D8B2CB /* SignIn */,
			);
			path = SignedOutScenes;
			sourceTree = "<group>";
		};
		D61E0C4022E4D706003700EA /* Scenes */ = {
			isa = PBXGroup;
			children = (
				D6EE5CBD232F2FE900F3701A /* Commons */,
				D635DDCF2320899C00E36431 /* SignedInScenes */,
				D61E0C3F22E4D6CF003700EA /* SignedOutScenes */,
			);
			path = Scenes;
			sourceTree = "<group>";
		};
		D6283472232C8BBA0068CF47 /* TrainingViewMode */ = {
			isa = PBXGroup;
			children = (
				D6283473232C8BE50068CF47 /* TrainingViewModeSpec.swift */,
				D6182B502324168000932DA3 /* TrainingFooterButtonSpec.swift */,
				D6C75ADF2329E69F00F44EE7 /* PlayStopComponentSpec.swift */,
			);
			path = TrainingViewMode;
			sourceTree = "<group>";
		};
		D635DDCF2320899C00E36431 /* SignedInScenes */ = {
			isa = PBXGroup;
			children = (
				150E24872355E2AE00F11C8E /* Calendar */,
				D63BE808234A56680015FC27 /* Profile */,
				D6EE5CC7232F37B600F3701A /* Controller */,
				D6EE5CC6232F378A00F3701A /* Coordinator */,
				D6D39756232DA68D00EBA4FE /* Training */,
			);
			path = SignedInScenes;
			sourceTree = "<group>";
		};
		D63BE805234A38720015FC27 /* Deprecated */ = {
			isa = PBXGroup;
			children = (
				D63BE806234A3EA60015FC27 /* OldJujuFormProtocol.swift */,
			);
			path = Deprecated;
			sourceTree = "<group>";
		};
		D63BE808234A56680015FC27 /* Profile */ = {
			isa = PBXGroup;
			children = (
				1550DCAD235B5963000CBC7C /* ProfileInfo */,
				15AA30EA235AADE7007D7173 /* ChangePassword */,
				15AA30EB235AB7D7007D7173 /* ProfileCoordinator.swift */,
			);
			path = Profile;
			sourceTree = "<group>";
		};
		D641400923002ACB005BD008 /* User */ = {
			isa = PBXGroup;
			children = (
				D6CDADD322E09C520030B753 /* FirebaseUser.swift */,
				D641400723002AB9005BD008 /* FirebaseUserQuery.swift */,
			);
			path = User;
			sourceTree = "<group>";
		};
		D645C0EE22CCC33C00FAB219 /* SignUp */ = {
			isa = PBXGroup;
			children = (
				D645C0EF22CCC39800FAB219 /* SignUpView.swift */,
				D6F2653D22D4DC840062C97A /* SignUpViewController.swift */,
			);
			path = SignUp;
			sourceTree = "<group>";
		};
		D645C0F122CCCBF900FAB219 /* SignUp */ = {
			isa = PBXGroup;
			children = (
				D645C0F222CCCC0F00FAB219 /* SignUpViewSpec.swift */,
			);
			path = SignUp;
			sourceTree = "<group>";
		};
		D6466EAC234AB551006E7F1A /* Splash */ = {
			isa = PBXGroup;
			children = (
				D6466EAF234AB57E006E7F1A /* SplashScreenViewController.swift */,
			);
			path = Splash;
			sourceTree = "<group>";
		};
		D65356E52340151F00CEE476 /* TrainingModel */ = {
			isa = PBXGroup;
			children = (
				D65356E6234023CC00CEE476 /* FirebaseTrainingModelsQuery.swift */,
				D65356E82340241500CEE476 /* FirebaseTrainingModel.swift */,
			);
			path = TrainingModel;
			sourceTree = "<group>";
		};
		D65356EA234028E400CEE476 /* Training */ = {
			isa = PBXGroup;
			children = (
				D6EC19D8232A921000A6DB01 /* TrainingTimer.swift */,
				D6D39753232D966400EBA4FE /* TrainingMode.swift */,
				D6EE5CB7232F222D00F3701A /* TrainingLevel.swift */,
				D690E01F2331B78E008A1DB3 /* TrainingConstants.swift */,
				D60927542340097F00B0F594 /* TrainingModel.swift */,
				D612165D234447A1003AB0C3 /* RepetitionsProgress.swift */,
				D6856AA623457ED100270F14 /* Series.swift */,
				D6856AA823457FDB00270F14 /* DiaryProgress.swift */,
			);
			path = Training;
			sourceTree = "<group>";
		};
		D65356EB2340312300CEE476 /* Base */ = {
			isa = PBXGroup;
			children = (
				D6A3FD2522E0190500CE41FF /* FirebaseRepository.swift */,
				D6CDADD122E0985C0030B753 /* FirebasePersistable.swift */,
				D6414003230028C0005BD008 /* FirebaseConstants.swift */,
				D641400523002A87005BD008 /* FirebaseQuery.swift */,
				D665FC802348DF300073F192 /* FirebaseExtensions.swift */,
			);
			path = Base;
			sourceTree = "<group>";
		};
		D65FCC3D22C79EF400BA16E5 = {
			isa = PBXGroup;
			children = (
				D65FCC4822C79EF400BA16E5 /* juju */,
				D68ACBAF22C7F763001C94A5 /* jujuTests */,
				D65FCC4722C79EF400BA16E5 /* Products */,
				E256A409059955029F46A8AB /* Pods */,
				4008D6DB513CD81095C2E1DD /* Frameworks */,
			);
			sourceTree = "<group>";
		};
		D65FCC4722C79EF400BA16E5 /* Products */ = {
			isa = PBXGroup;
			children = (
				D65FCC4622C79EF400BA16E5 /* juju.app */,
				D68ACBAE22C7F763001C94A5 /* jujuTests.xctest */,
			);
			name = Products;
			sourceTree = "<group>";
		};
		D65FCC4822C79EF400BA16E5 /* juju */ = {
			isa = PBXGroup;
			children = (
				D681E49122F12DC9003754F4 /* Commons */,
				D61E0C4022E4D706003700EA /* Scenes */,
				D6B99CAD22E173EB005996B1 /* Authentication */,
				D6EA765822DDF44C00E87D00 /* Repository */,
				D6ABED1C22DF2C020022CF0A /* Models */,
				D68ACB9022C7E315001C94A5 /* Extensions */,
				D6B1207A22E4EBF1005180D5 /* Resources */,
				D695890D22C7AC71009A356C /* View */,
				D695890922C7AAF5009A356C /* App */,
				D695890722C7AAD1009A356C /* Supporting Files */,
			);
			path = juju;
			sourceTree = "<group>";
		};
		D67F845922CA25AF00C5ECDE /* Utils */ = {
			isa = PBXGroup;
			children = (
				D67F845A22CA25DA00C5ECDE /* SnapshotUtils.swift */,
				D67F845C22CA27AD00C5ECDE /* ViewExtension.swift */,
				D67F845E22CA299200C5ECDE /* TestHelpers.swift */,
			);
			path = Utils;
			sourceTree = "<group>";
		};
		D681E49122F12DC9003754F4 /* Commons */ = {
			isa = PBXGroup;
			children = (
				D681E49222F12DF4003754F4 /* Validators.swift */,
				D681E49422F1331A003754F4 /* TextFieldValidators.swift */,
				D6046F3822EF1444002FB78B /* DateFormatters.swift */,
				D622755622FA4527004992E5 /* DateUtils.swift */,
				D622755822FA4913004992E5 /* AppPrefs.swift */,
			);
			path = Commons;
			sourceTree = "<group>";
		};
		D6856AAA234586FC00270F14 /* FirebaseTrainingDiary */ = {
			isa = PBXGroup;
			children = (
				D6856AAB2345875E00270F14 /* FirebaseTrainingDiary.swift */,
				D6856AAD2345878700270F14 /* FirebaseDiaryQuery.swift */,
			);
			path = FirebaseTrainingDiary;
			sourceTree = "<group>";
		};
		D68ACB9022C7E315001C94A5 /* Extensions */ = {
			isa = PBXGroup;
			children = (
				D61E0C3922E4A5B7003700EA /* String.swift */,
			);
			path = Extensions;
			sourceTree = "<group>";
		};
		D68ACB9322C7E76D001C94A5 /* Fonts */ = {
			isa = PBXGroup;
			children = (
				1550DCB0235B890D000CBC7C /* Rubik */,
				D68ACB9822C7E7D4001C94A5 /* Gilroy */,
			);
			path = Fonts;
			sourceTree = "<group>";
		};
		D68ACB9822C7E7D4001C94A5 /* Gilroy */ = {
			isa = PBXGroup;
			children = (
				D68ACB9922C7E7D4001C94A5 /* Gilroy-Regular.otf */,
				D68ACB9A22C7E7D4001C94A5 /* Gilroy-Medium.otf */,
				D68ACB9B22C7E7D4001C94A5 /* Gilroy-Bold.otf */,
				D68ACB9C22C7E7D4001C94A5 /* Gilroy-ExtraBold.otf */,
			);
			path = Gilroy;
			sourceTree = "<group>";
		};
		D68ACBAF22C7F763001C94A5 /* jujuTests */ = {
			isa = PBXGroup;
			children = (
				D6E1186E22F2843D00F01899 /* Scenes */,
				D6E1186D22F2843100F01899 /* Commons */,
				D67F845922CA25AF00C5ECDE /* Utils */,
				D68ACBB822C7F783001C94A5 /* Views */,
				D68ACBB222C7F763001C94A5 /* Info.plist */,
			);
			path = jujuTests;
			sourceTree = "<group>";
		};
		D68ACBB822C7F783001C94A5 /* Views */ = {
			isa = PBXGroup;
			children = (
				D6E1186C22F2838E00F01899 /* Components */,
			);
			path = Views;
			sourceTree = "<group>";
		};
		D6944B9A23404AC60024608A /* Service */ = {
			isa = PBXGroup;
			children = (
				D6E3C6AB22EC7ABF00627CE6 /* UserService.swift */,
				D6944B9B23404B030024608A /* TrainingService.swift */,
				D6856AAF2345A8BB00270F14 /* TrainingDiaryService.swift */,
			);
			path = Service;
			sourceTree = "<group>";
		};
		D695890722C7AAD1009A356C /* Supporting Files */ = {
			isa = PBXGroup;
			children = (
				D6E3C6A922EC74C800627CE6 /* GoogleService-Info.plist */,
				D65FCC5222C79EF500BA16E5 /* LaunchScreen.storyboard */,
				D65FCC5522C79EF500BA16E5 /* Info.plist */,
			);
			path = "Supporting Files";
			sourceTree = "<group>";
		};
		D695890922C7AAF5009A356C /* App */ = {
			isa = PBXGroup;
			children = (
				D65FCC4922C79EF400BA16E5 /* AppDelegate.swift */,
				D6F2653922D4D94E0062C97A /* Coordinator.swift */,
				D6F2653B22D4D9830062C97A /* AppCoordinator.swift */,
			);
			path = App;
			sourceTree = "<group>";
		};
		D695890D22C7AC71009A356C /* View */ = {
			isa = PBXGroup;
			children = (
				D6FC909423537C0A006440D6 /* Keyboard */,
				D63BE805234A38720015FC27 /* Deprecated */,
				D6EE5CBE232F302700F3701A /* Animations */,
				D6B1207B22E4EC2D005180D5 /* Extensions */,
				D6B1207822E4EB93005180D5 /* Components */,
				D6B1207722E4EB78005180D5 /* Protocols */,
			);
			path = View;
			sourceTree = "<group>";
		};
		D6ABED1C22DF2C020022CF0A /* Models */ = {
			isa = PBXGroup;
			children = (
				D65356EA234028E400CEE476 /* Training */,
				D6EA765922DDF47200E87D00 /* Results.swift */,
				D6ABED1D22DF2C1C0022CF0A /* ClientUser.swift */,
				D6ABED2522DF30A50022CF0A /* StringErrorConstants.swift */,
				D681E48F22F128B3003754F4 /* InputKind.swift */,
			);
			path = Models;
			sourceTree = "<group>";
		};
		D6ABED2922DF34C10022CF0A /* Firebase */ = {
			isa = PBXGroup;
			children = (
				D6856AAA234586FC00270F14 /* FirebaseTrainingDiary */,
				D65356E52340151F00CEE476 /* TrainingModel */,
				D641400923002ACB005BD008 /* User */,
				D65356EB2340312300CEE476 /* Base */,
			);
			path = Firebase;
			sourceTree = "<group>";
		};
		D6B1207622E4E6FA005180D5 /* SignIn */ = {
			isa = PBXGroup;
			children = (
				D6B1207422E4E6F3005180D5 /* SignInViewSpec.swift */,
			);
			path = SignIn;
			sourceTree = "<group>";
		};
		D6B1207722E4EB78005180D5 /* Protocols */ = {
			isa = PBXGroup;
			children = (
				D61E0C3B22E4D41D003700EA /* JujuFormProtocol.swift */,
				D695891222C7AF98009A356C /* ViewConfiguration.swift */,
				D695891022C7AD6E009A356C /* ViewCoding.swift */,
				D69B9240231E0503009207B1 /* Loadable.swift */,
			);
			path = Protocols;
			sourceTree = "<group>";
		};
		D6B1207822E4EB93005180D5 /* Components */ = {
			isa = PBXGroup;
			children = (
				D60AF49922E48FB700597BEA /* JujuUnderlinedButton.swift */,
				D695890E22C7AD16009A356C /* JujuInputField.swift */,
				D682062722CADE9B006D4937 /* JujuButton.swift */,
				D6FC90902353720A006440D6 /* SnackbarView.swift */,
				D6FC909223537477006440D6 /* Snackbar.swift */,
			);
			path = Components;
			sourceTree = "<group>";
		};
		D6B1207A22E4EBF1005180D5 /* Resources */ = {
			isa = PBXGroup;
			children = (
				D6EE5CB1232F0FDC00F3701A /* Animations */,
				D68ACB9322C7E76D001C94A5 /* Fonts */,
				D65FCC5022C79EF500BA16E5 /* Assets.xcassets */,
				D68ACB8E22C7DF9C001C94A5 /* Resources.swift */,
				D66D5AD82312C56700F0A944 /* Styling.swift */,
			);
			path = Resources;
			sourceTree = "<group>";
		};
		D6B1207B22E4EC2D005180D5 /* Extensions */ = {
			isa = PBXGroup;
			children = (
				D6FF00BE22E3CC5600D8B2CB /* Notification.swift */,
				D68ACB9122C7E329001C94A5 /* UIColor.swift */,
				D61E0C3522E491B1003700EA /* UIButton.swift */,
				D6F3202922F5D35300950325 /* UIAlertController.swift */,
				D66D5ADA2312CF8200F0A944 /* UITextField.swift */,
				D69B923E231E048E009207B1 /* UIViewController.swift */,
				D6182B5423243D3100932DA3 /* UINavigationController.swift */,
				D6EE63EE232590600003F50C /* CAShapeLayer.swift */,
				D69586552353877000B55896 /* UIView.swift */,
				1550DCAE235B8576000CBC7C /* UITabBarController.swift */,
			);
			path = Extensions;
			sourceTree = "<group>";
		};
		D6B99CAD22E173EB005996B1 /* Authentication */ = {
			isa = PBXGroup;
			children = (
				D6ABED2722DF31A00022CF0A /* FirebaseAuthErrorAdapter.swift */,
				D6ABED2A22DF350D0022CF0A /* FirebaseEmailPasswordAuthentication.swift */,
				D6ABED2322DF30690022CF0A /* UserAuthenticationError.swift */,
			);
			path = Authentication;
			sourceTree = "<group>";
		};
		D6D3974B232D806500EBA4FE /* Views */ = {
			isa = PBXGroup;
			children = (
				D6E42DB823308ED800B42EB1 /* Configurations */,
				D6182B4A232406CF00932DA3 /* TrainingView.swift */,
				D6182B4C23240D3200932DA3 /* JujuButtonWithAccessory.swift */,
				D6EE63EC232587450003F50C /* NumberedCircle.swift */,
				D6BC42112328642F0005B686 /* CirclesComponent.swift */,
				D6C75ADD2329E13300F44EE7 /* PlayStopComponent.swift */,
				D6C75AE12329F45000F44EE7 /* ProgressComponent.swift */,
			);
			path = Views;
			sourceTree = "<group>";
		};
		D6D3974C232D807500EBA4FE /* TrainingMode */ = {
			isa = PBXGroup;
			children = (
				D6283470232C87670068CF47 /* TrainingModeView.swift */,
				D6D3974D232D80D600EBA4FE /* TrainingModeViewController.swift */,
			);
			path = TrainingMode;
			sourceTree = "<group>";
		};
		D6D3974F232D90A800EBA4FE /* Controller */ = {
			isa = PBXGroup;
			children = (
				D6182B48232406AF00932DA3 /* TrainingViewController.swift */,
			);
			path = Controller;
			sourceTree = "<group>";
		};
		D6D39756232DA68D00EBA4FE /* Training */ = {
			isa = PBXGroup;
			children = (
				D6EE5CC5232F321D00F3701A /* Coordinator */,
				D6EE5CB4232F1FA800F3701A /* TrainingLevel */,
				D6D3974C232D807500EBA4FE /* TrainingMode */,
				D6DD714C232405AB00569B73 /* Training */,
			);
			path = Training;
			sourceTree = "<group>";
		};
		D6DD714C232405AB00569B73 /* Training */ = {
			isa = PBXGroup;
			children = (
				D6D3974F232D90A800EBA4FE /* Controller */,
				D6D3974B232D806500EBA4FE /* Views */,
				D6FEE9D6234D6B1F002372C4 /* TrainingDataSource.swift */,
			);
			path = Training;
			sourceTree = "<group>";
		};
		D6E1186C22F2838E00F01899 /* Components */ = {
			isa = PBXGroup;
			children = (
				D68ACBB922C7F79F001C94A5 /* JujuInputFieldSpec.swift */,
				D682062922CAE4CC006D4937 /* JujuButtonSpec.swift */,
				D61E0C3722E4930D003700EA /* JujuUnderlinedButtonSpec.swift */,
			);
			path = Components;
			sourceTree = "<group>";
		};
		D6E1186D22F2843100F01899 /* Commons */ = {
			isa = PBXGroup;
			children = (
				D6E1186F22F2848C00F01899 /* ValidatorsSpec.swift */,
			);
			path = Commons;
			sourceTree = "<group>";
		};
		D6E1186E22F2843D00F01899 /* Scenes */ = {
			isa = PBXGroup;
			children = (
				D6E42DB12330815700B42EB1 /* TrainingLevel */,
				D6283472232C8BBA0068CF47 /* TrainingViewMode */,
				D6B1207622E4E6FA005180D5 /* SignIn */,
				D6FF00AD22E3511300D8B2CB /* Intro */,
				D645C0F122CCCBF900FAB219 /* SignUp */,
			);
			path = Scenes;
			sourceTree = "<group>";
		};
		D6E42DB12330815700B42EB1 /* TrainingLevel */ = {
			isa = PBXGroup;
			children = (
				D6E42DB22330819100B42EB1 /* TrainingLevelViewSpec.swift */,
				D6EE5CBB232F2BEE00F3701A /* TrainLevelComponentSpec.swift */,
			);
			path = TrainingLevel;
			sourceTree = "<group>";
		};
		D6E42DB823308ED800B42EB1 /* Configurations */ = {
			isa = PBXGroup;
			children = (
				D6182B5C2324540000932DA3 /* TrainingViewInitialConfiguration.swift */,
				D6182B4E23240DF200932DA3 /* JujuButtonWithAccessoryConfiguration.swift */,
			);
			path = Configurations;
			sourceTree = "<group>";
		};
		D6EA765822DDF44C00E87D00 /* Repository */ = {
			isa = PBXGroup;
			children = (
				D61216572344300B003AB0C3 /* Local */,
				D6944B9A23404AC60024608A /* Service */,
				D6ABED2922DF34C10022CF0A /* Firebase */,
				D6B02A4322E0070100818C17 /* Repository.swift */,
				D6A3FD2122E00DC300CE41FF /* RepositoryError.swift */,
			);
			path = Repository;
			sourceTree = "<group>";
		};
		D6EE5CB1232F0FDC00F3701A /* Animations */ = {
			isa = PBXGroup;
			children = (
				D6EE5CB2232F0FDC00F3701A /* loading2x.json */,
			);
			path = Animations;
			sourceTree = "<group>";
		};
		D6EE5CB4232F1FA800F3701A /* TrainingLevel */ = {
			isa = PBXGroup;
			children = (
				D6EE5CB5232F1FBF00F3701A /* TrainLevelComponent.swift */,
				D6E42DAF2330699D00B42EB1 /* TrainingLevelView.swift */,
				D6E42DB42330884D00B42EB1 /* TrainLevelViewController.swift */,
			);
			path = TrainingLevel;
			sourceTree = "<group>";
		};
		D6EE5CBD232F2FE900F3701A /* Commons */ = {
			isa = PBXGroup;
			children = (
				D69B923C231DF9D6009207B1 /* LoadingViewController.swift */,
			);
			path = Commons;
			sourceTree = "<group>";
		};
		D6EE5CBE232F302700F3701A /* Animations */ = {
			isa = PBXGroup;
			children = (
				D6EE5CBF232F303A00F3701A /* JujuLoader.swift */,
				D6EE5CC1232F304500F3701A /* Animatable.swift */,
				D6EE5CC3232F305700F3701A /* SpinnerLoader.swift */,
			);
			path = Animations;
			sourceTree = "<group>";
		};
		D6EE5CC5232F321D00F3701A /* Coordinator */ = {
			isa = PBXGroup;
			children = (
				D6D39751232D91B800EBA4FE /* TrainingCoordinator.swift */,
			);
			path = Coordinator;
			sourceTree = "<group>";
		};
		D6EE5CC6232F378A00F3701A /* Coordinator */ = {
			isa = PBXGroup;
			children = (
				D635DDD0232089CF00E36431 /* SignedInCoordinator.swift */,
			);
			path = Coordinator;
			sourceTree = "<group>";
		};
		D6EE5CC7232F37B600F3701A /* Controller */ = {
			isa = PBXGroup;
			children = (
				D6182B5223242E3C00932DA3 /* JujuTabBarController.swift */,
			);
			path = Controller;
			sourceTree = "<group>";
		};
		D6EE5CC8232F37C500F3701A /* Coordinator */ = {
			isa = PBXGroup;
			children = (
				D6FF00A422E34B8200D8B2CB /* SignedOutCoordinator.swift */,
			);
			path = Coordinator;
			sourceTree = "<group>";
		};
		D6FC909423537C0A006440D6 /* Keyboard */ = {
			isa = PBXGroup;
			children = (
				D6FF00C122E3CC8F00D8B2CB /* KeyboardListener.swift */,
			);
			path = Keyboard;
			sourceTree = "<group>";
		};
		D6FF00A622E34BCE00D8B2CB /* Intro */ = {
			isa = PBXGroup;
			children = (
				D6FF00A722E34BE800D8B2CB /* IntroView.swift */,
				D6FF00AE22E3550B00D8B2CB /* IntroViewController.swift */,
			);
			path = Intro;
			sourceTree = "<group>";
		};
		D6FF00AD22E3511300D8B2CB /* Intro */ = {
			isa = PBXGroup;
			children = (
				D6FF00A922E350E900D8B2CB /* IntroViewSpec.swift */,
			);
			path = Intro;
			sourceTree = "<group>";
		};
		D6FF00B022E39EBF00D8B2CB /* SignIn */ = {
			isa = PBXGroup;
			children = (
				D6FF00B122E39ED200D8B2CB /* SignInView.swift */,
				D61E0C3D22E4D62D003700EA /* SignInViewController.swift */,
			);
			path = SignIn;
			sourceTree = "<group>";
		};
		E256A409059955029F46A8AB /* Pods */ = {
			isa = PBXGroup;
			children = (
				141CB07F668A4F76F65CD92E /* Pods-juju.debug.xcconfig */,
				C8B963747690D2B138C0423C /* Pods-juju.release.xcconfig */,
				1B3AD8AF7EE33C59F99BDC09 /* Pods-jujuTests.debug.xcconfig */,
				056D944913A4FA78B9ACA0E2 /* Pods-jujuTests.release.xcconfig */,
			);
			path = Pods;
			sourceTree = "<group>";
		};
/* End PBXGroup section */

/* Begin PBXNativeTarget section */
		D65FCC4522C79EF400BA16E5 /* juju */ = {
			isa = PBXNativeTarget;
			buildConfigurationList = D65FCC5822C79EF500BA16E5 /* Build configuration list for PBXNativeTarget "juju" */;
			buildPhases = (
				18179C0FF17D735F08C1784A /* [CP] Check Pods Manifest.lock */,
				D65FCC4222C79EF400BA16E5 /* Sources */,
				D65FCC4322C79EF400BA16E5 /* Frameworks */,
				D65FCC4422C79EF400BA16E5 /* Resources */,
				979C1C728500E337F04870EB /* [CP] Embed Pods Frameworks */,
				D695891422C7B4A1009A356C /* SwiftLint */,
				BE9F0D562310212D001A4CF4 /* Fabric */,
			);
			buildRules = (
			);
			dependencies = (
			);
			name = juju;
			productName = juju;
			productReference = D65FCC4622C79EF400BA16E5 /* juju.app */;
			productType = "com.apple.product-type.application";
		};
		D68ACBAD22C7F763001C94A5 /* jujuTests */ = {
			isa = PBXNativeTarget;
			buildConfigurationList = D68ACBB522C7F763001C94A5 /* Build configuration list for PBXNativeTarget "jujuTests" */;
			buildPhases = (
				361C67D71A6805E7589A6F1F /* [CP] Check Pods Manifest.lock */,
				D68ACBAA22C7F763001C94A5 /* Sources */,
				D68ACBAB22C7F763001C94A5 /* Frameworks */,
				D68ACBAC22C7F763001C94A5 /* Resources */,
				57C5A5AA071789AF4EFBABF7 /* [CP] Embed Pods Frameworks */,
			);
			buildRules = (
			);
			dependencies = (
				D68ACBB422C7F763001C94A5 /* PBXTargetDependency */,
			);
			name = jujuTests;
			productName = jujuTests;
			productReference = D68ACBAE22C7F763001C94A5 /* jujuTests.xctest */;
			productType = "com.apple.product-type.bundle.unit-test";
		};
/* End PBXNativeTarget section */

/* Begin PBXProject section */
		D65FCC3E22C79EF400BA16E5 /* Project object */ = {
			isa = PBXProject;
			attributes = {
				LastSwiftUpdateCheck = 1020;
				LastUpgradeCheck = 1020;
				ORGANIZATIONNAME = "Antonio Rodrigues";
				TargetAttributes = {
					D65FCC4522C79EF400BA16E5 = {
						CreatedOnToolsVersion = 10.2.1;
					};
					D68ACBAD22C7F763001C94A5 = {
						CreatedOnToolsVersion = 10.2.1;
						TestTargetID = D65FCC4522C79EF400BA16E5;
					};
				};
			};
			buildConfigurationList = D65FCC4122C79EF400BA16E5 /* Build configuration list for PBXProject "juju" */;
			compatibilityVersion = "Xcode 9.3";
			developmentRegion = en;
			hasScannedForEncodings = 0;
			knownRegions = (
				en,
				Base,
			);
			mainGroup = D65FCC3D22C79EF400BA16E5;
			productRefGroup = D65FCC4722C79EF400BA16E5 /* Products */;
			projectDirPath = "";
			projectRoot = "";
			targets = (
				D65FCC4522C79EF400BA16E5 /* juju */,
				D68ACBAD22C7F763001C94A5 /* jujuTests */,
			);
		};
/* End PBXProject section */

/* Begin PBXResourcesBuildPhase section */
		D65FCC4422C79EF400BA16E5 /* Resources */ = {
			isa = PBXResourcesBuildPhase;
			buildActionMask = 2147483647;
			files = (
				D68ACBA322C7E7D4001C94A5 /* Gilroy-Medium.otf in Resources */,
				D68ACBA222C7E7D4001C94A5 /* Gilroy-Regular.otf in Resources */,
				D68ACBA422C7E7D4001C94A5 /* Gilroy-Bold.otf in Resources */,
				1550DCB4235B89B5000CBC7C /* Rubik-Regular.ttf in Resources */,
				D65FCC5422C79EF500BA16E5 /* LaunchScreen.storyboard in Resources */,
				D6EE5CB3232F0FDC00F3701A /* loading2x.json in Resources */,
				D65FCC5122C79EF500BA16E5 /* Assets.xcassets in Resources */,
				1550DCB3235B89B5000CBC7C /* Rubik-Medium.ttf in Resources */,
				D6E3C6AA22EC74C800627CE6 /* GoogleService-Info.plist in Resources */,
				D68ACBA522C7E7D4001C94A5 /* Gilroy-ExtraBold.otf in Resources */,
			);
			runOnlyForDeploymentPostprocessing = 0;
		};
		D68ACBAC22C7F763001C94A5 /* Resources */ = {
			isa = PBXResourcesBuildPhase;
			buildActionMask = 2147483647;
			files = (
			);
			runOnlyForDeploymentPostprocessing = 0;
		};
/* End PBXResourcesBuildPhase section */

/* Begin PBXShellScriptBuildPhase section */
		18179C0FF17D735F08C1784A /* [CP] Check Pods Manifest.lock */ = {
			isa = PBXShellScriptBuildPhase;
			buildActionMask = 2147483647;
			files = (
			);
			inputFileListPaths = (
			);
			inputPaths = (
				"${PODS_PODFILE_DIR_PATH}/Podfile.lock",
				"${PODS_ROOT}/Manifest.lock",
			);
			name = "[CP] Check Pods Manifest.lock";
			outputFileListPaths = (
			);
			outputPaths = (
				"$(DERIVED_FILE_DIR)/Pods-juju-checkManifestLockResult.txt",
			);
			runOnlyForDeploymentPostprocessing = 0;
			shellPath = /bin/sh;
			shellScript = "diff \"${PODS_PODFILE_DIR_PATH}/Podfile.lock\" \"${PODS_ROOT}/Manifest.lock\" > /dev/null\nif [ $? != 0 ] ; then\n    # print error to STDERR\n    echo \"error: The sandbox is not in sync with the Podfile.lock. Run 'pod install' or update your CocoaPods installation.\" >&2\n    exit 1\nfi\n# This output is used by Xcode 'outputs' to avoid re-running this script phase.\necho \"SUCCESS\" > \"${SCRIPT_OUTPUT_FILE_0}\"\n";
			showEnvVarsInLog = 0;
		};
		361C67D71A6805E7589A6F1F /* [CP] Check Pods Manifest.lock */ = {
			isa = PBXShellScriptBuildPhase;
			buildActionMask = 2147483647;
			files = (
			);
			inputFileListPaths = (
			);
			inputPaths = (
				"${PODS_PODFILE_DIR_PATH}/Podfile.lock",
				"${PODS_ROOT}/Manifest.lock",
			);
			name = "[CP] Check Pods Manifest.lock";
			outputFileListPaths = (
			);
			outputPaths = (
				"$(DERIVED_FILE_DIR)/Pods-jujuTests-checkManifestLockResult.txt",
			);
			runOnlyForDeploymentPostprocessing = 0;
			shellPath = /bin/sh;
			shellScript = "diff \"${PODS_PODFILE_DIR_PATH}/Podfile.lock\" \"${PODS_ROOT}/Manifest.lock\" > /dev/null\nif [ $? != 0 ] ; then\n    # print error to STDERR\n    echo \"error: The sandbox is not in sync with the Podfile.lock. Run 'pod install' or update your CocoaPods installation.\" >&2\n    exit 1\nfi\n# This output is used by Xcode 'outputs' to avoid re-running this script phase.\necho \"SUCCESS\" > \"${SCRIPT_OUTPUT_FILE_0}\"\n";
			showEnvVarsInLog = 0;
		};
		57C5A5AA071789AF4EFBABF7 /* [CP] Embed Pods Frameworks */ = {
			isa = PBXShellScriptBuildPhase;
			buildActionMask = 2147483647;
			files = (
			);
			inputFileListPaths = (
				"${PODS_ROOT}/Target Support Files/Pods-jujuTests/Pods-jujuTests-frameworks-${CONFIGURATION}-input-files.xcfilelist",
			);
			name = "[CP] Embed Pods Frameworks";
			outputFileListPaths = (
				"${PODS_ROOT}/Target Support Files/Pods-jujuTests/Pods-jujuTests-frameworks-${CONFIGURATION}-output-files.xcfilelist",
			);
			runOnlyForDeploymentPostprocessing = 0;
			shellPath = /bin/sh;
			shellScript = "\"${PODS_ROOT}/Target Support Files/Pods-jujuTests/Pods-jujuTests-frameworks.sh\"\n";
			showEnvVarsInLog = 0;
		};
		979C1C728500E337F04870EB /* [CP] Embed Pods Frameworks */ = {
			isa = PBXShellScriptBuildPhase;
			buildActionMask = 2147483647;
			files = (
			);
			inputFileListPaths = (
				"${PODS_ROOT}/Target Support Files/Pods-juju/Pods-juju-frameworks-${CONFIGURATION}-input-files.xcfilelist",
			);
			name = "[CP] Embed Pods Frameworks";
			outputFileListPaths = (
				"${PODS_ROOT}/Target Support Files/Pods-juju/Pods-juju-frameworks-${CONFIGURATION}-output-files.xcfilelist",
			);
			runOnlyForDeploymentPostprocessing = 0;
			shellPath = /bin/sh;
			shellScript = "\"${PODS_ROOT}/Target Support Files/Pods-juju/Pods-juju-frameworks.sh\"\n";
			showEnvVarsInLog = 0;
		};
		BE9F0D562310212D001A4CF4 /* Fabric */ = {
			isa = PBXShellScriptBuildPhase;
			buildActionMask = 2147483647;
			files = (
			);
			inputFileListPaths = (
			);
			inputPaths = (
				"$(SRCROOT)/$(BUILT_PRODUCTS_DIR)/$(INFOPLIST_PATH)",
			);
			name = Fabric;
			outputFileListPaths = (
			);
			outputPaths = (
			);
			runOnlyForDeploymentPostprocessing = 0;
			shellPath = /bin/sh;
			shellScript = "\"${PODS_ROOT}/Fabric/run\" 3301cd4e6350684335a4aaf1e91a9e64967585e1 f41c01ec57690e1b0db0a39310c20f6521cdcb6d5a17abab0d97986d8eacd1bf\n";
		};
		D695891422C7B4A1009A356C /* SwiftLint */ = {
			isa = PBXShellScriptBuildPhase;
			buildActionMask = 2147483647;
			files = (
			);
			inputFileListPaths = (
			);
			inputPaths = (
			);
			name = SwiftLint;
			outputFileListPaths = (
			);
			outputPaths = (
			);
			runOnlyForDeploymentPostprocessing = 0;
			shellPath = /bin/sh;
			shellScript = "if which swiftlint >/dev/null; then\nswiftlint\nelse\necho \"warning: SwiftLint not installed, download from https://github.com/realm/SwiftLint\"\nfi\n";
		};
/* End PBXShellScriptBuildPhase section */

/* Begin PBXSourcesBuildPhase section */
		D65FCC4222C79EF400BA16E5 /* Sources */ = {
			isa = PBXSourcesBuildPhase;
			buildActionMask = 2147483647;
			files = (
				D6944B9C23404B030024608A /* TrainingService.swift in Sources */,
				D6FF00A522E34B8200D8B2CB /* SignedOutCoordinator.swift in Sources */,
				D6856AAC2345875E00270F14 /* FirebaseTrainingDiary.swift in Sources */,
				D6A3FD2622E0190500CE41FF /* FirebaseRepository.swift in Sources */,
				D6CDADD422E09C520030B753 /* FirebaseUser.swift in Sources */,
				D6ABED2622DF30A50022CF0A /* StringErrorConstants.swift in Sources */,
				D641400823002AB9005BD008 /* FirebaseUserQuery.swift in Sources */,
				D635DDD1232089CF00E36431 /* SignedInCoordinator.swift in Sources */,
				D6EA765A22DDF47200E87D00 /* Results.swift in Sources */,
				1550DCAF235B8576000CBC7C /* UITabBarController.swift in Sources */,
				D6E42DB52330884D00B42EB1 /* TrainLevelViewController.swift in Sources */,
				D61E0C3C22E4D41D003700EA /* JujuFormProtocol.swift in Sources */,
				15F786A22359522B00D1C211 /* ProfileFooterView.swift in Sources */,
				D690E0202331B78E008A1DB3 /* TrainingConstants.swift in Sources */,
				D6182B4B232406CF00932DA3 /* TrainingView.swift in Sources */,
				D622755922FA4913004992E5 /* AppPrefs.swift in Sources */,
				15E0947D2356BF8500FE85D3 /* CalendarCoordinator.swift in Sources */,
				D6D39754232D966400EBA4FE /* TrainingMode.swift in Sources */,
				D6856AAE2345878700270F14 /* FirebaseDiaryQuery.swift in Sources */,
				D6F2653E22D4DC840062C97A /* SignUpViewController.swift in Sources */,
				15AA30E7235AADCE007D7173 /* ChangePasswordView.swift in Sources */,
				D68ACB8F22C7DF9C001C94A5 /* Resources.swift in Sources */,
				D6D3974E232D80D600EBA4FE /* TrainingModeViewController.swift in Sources */,
				D65356E92340241500CEE476 /* FirebaseTrainingModel.swift in Sources */,
				D665FC812348DF300073F192 /* FirebaseExtensions.swift in Sources */,
				D61E0C3622E491B1003700EA /* UIButton.swift in Sources */,
				D6856AA923457FDB00270F14 /* DiaryProgress.swift in Sources */,
				D6856AA723457ED100270F14 /* Series.swift in Sources */,
				D6E42DB02330699D00B42EB1 /* TrainingLevelView.swift in Sources */,
				15E0947B2356B35000FE85D3 /* DateCircleView.swift in Sources */,
				D6182B49232406AF00932DA3 /* TrainingViewController.swift in Sources */,
				D681E49522F1331A003754F4 /* TextFieldValidators.swift in Sources */,
				D6EE63EF232590600003F50C /* CAShapeLayer.swift in Sources */,
				D6ABED2422DF30690022CF0A /* UserAuthenticationError.swift in Sources */,
				D681E49322F12DF4003754F4 /* Validators.swift in Sources */,
				D682062822CADE9B006D4937 /* JujuButton.swift in Sources */,
				D69B9241231E0503009207B1 /* Loadable.swift in Sources */,
				150E24892355E2C200F11C8E /* CalendarView.swift in Sources */,
				D6182B4D23240D3200932DA3 /* JujuButtonWithAccessory.swift in Sources */,
				D681E49022F128B3003754F4 /* InputKind.swift in Sources */,
				D612165A2344303B003AB0C3 /* UserDefaultsStorage.swift in Sources */,
				D6F2653C22D4D9830062C97A /* AppCoordinator.swift in Sources */,
				D6B02A4422E0070100818C17 /* Repository.swift in Sources */,
				D6E3C6AC22EC7ABF00627CE6 /* UserService.swift in Sources */,
				15AA30EC235AB7D7007D7173 /* ProfileCoordinator.swift in Sources */,
				D612165E234447A1003AB0C3 /* RepetitionsProgress.swift in Sources */,
				D6ABED2B22DF350D0022CF0A /* FirebaseEmailPasswordAuthentication.swift in Sources */,
				D63BE80C234A575B0015FC27 /* ProfileView.swift in Sources */,
				D61E0C3A22E4A5B7003700EA /* String.swift in Sources */,
				D6EE5CC4232F305700F3701A /* SpinnerLoader.swift in Sources */,
				D66D5ADB2312CF8200F0A944 /* UITextField.swift in Sources */,
				D68ACB9222C7E329001C94A5 /* UIColor.swift in Sources */,
				D6FEE9D7234D6B1F002372C4 /* TrainingDataSource.swift in Sources */,
				D6FF00C222E3CC8F00D8B2CB /* KeyboardListener.swift in Sources */,
				1550DCAC235B4379000CBC7C /* FormHeaderView.swift in Sources */,
				D6EE5CB8232F222D00F3701A /* TrainingLevel.swift in Sources */,
				D6182B5323242E3C00932DA3 /* JujuTabBarController.swift in Sources */,
				D6ABED1E22DF2C1C0022CF0A /* ClientUser.swift in Sources */,
				D695891122C7AD6E009A356C /* ViewCoding.swift in Sources */,
				D6856AB02345A8BB00270F14 /* TrainingDiaryService.swift in Sources */,
				D641400623002A87005BD008 /* FirebaseQuery.swift in Sources */,
				D645C0F022CCC39800FAB219 /* SignUpView.swift in Sources */,
				D622755722FA4527004992E5 /* DateUtils.swift in Sources */,
				D695891322C7AF98009A356C /* ViewConfiguration.swift in Sources */,
				D6F3202A22F5D35300950325 /* UIAlertController.swift in Sources */,
				D65356E7234023CC00CEE476 /* FirebaseTrainingModelsQuery.swift in Sources */,
				15E0947F2356CC4E00FE85D3 /* CalendarHeaderView.swift in Sources */,
				D6FF00A822E34BE800D8B2CB /* IntroView.swift in Sources */,
				D6FF00AF22E3550B00D8B2CB /* IntroViewController.swift in Sources */,
				D6A3FD2222E00DC300CE41FF /* RepositoryError.swift in Sources */,
				D6182B4F23240DF200932DA3 /* JujuButtonWithAccessoryConfiguration.swift in Sources */,
				D60927552340097F00B0F594 /* TrainingModel.swift in Sources */,
				D6C75ADE2329E13300F44EE7 /* PlayStopComponent.swift in Sources */,
				D69586562353877000B55896 /* UIView.swift in Sources */,
				D6EC19D9232A921000A6DB01 /* TrainingTimer.swift in Sources */,
				D6BC42122328642F0005B686 /* CirclesComponent.swift in Sources */,
				D6FC909323537477006440D6 /* Snackbar.swift in Sources */,
				D6182B5523243D3100932DA3 /* UINavigationController.swift in Sources */,
				D6EE5CC2232F304500F3701A /* Animatable.swift in Sources */,
				D69B923D231DF9D6009207B1 /* LoadingViewController.swift in Sources */,
				D6414004230028C0005BD008 /* FirebaseConstants.swift in Sources */,
				D6EE5CB6232F1FBF00F3701A /* TrainLevelComponent.swift in Sources */,
				D6CDADD222E0985C0030B753 /* FirebasePersistable.swift in Sources */,
				D63BE807234A3EA60015FC27 /* OldJujuFormProtocol.swift in Sources */,
				D65FCC4A22C79EF400BA16E5 /* AppDelegate.swift in Sources */,
				D6FF00B222E39ED200D8B2CB /* SignInView.swift in Sources */,
				D612165C23443154003AB0C3 /* LocalStorageProtocol.swift in Sources */,
				D6C75AE22329F45000F44EE7 /* ProgressComponent.swift in Sources */,
				D66D5AD92312C56700F0A944 /* Styling.swift in Sources */,
				D60AF49A22E48FB700597BEA /* JujuUnderlinedButton.swift in Sources */,
				D6466EB0234AB57E006E7F1A /* SplashScreenViewController.swift in Sources */,
				D6ABED2822DF31A00022CF0A /* FirebaseAuthErrorAdapter.swift in Sources */,
				D6FC90912353720A006440D6 /* SnackbarView.swift in Sources */,
				D6D39752232D91B800EBA4FE /* TrainingCoordinator.swift in Sources */,
				D6FF00BF22E3CC5600D8B2CB /* Notification.swift in Sources */,
				D61E0C3E22E4D62D003700EA /* SignInViewController.swift in Sources */,
				D6EE5CC0232F303A00F3701A /* JujuLoader.swift in Sources */,
				D6046F3922EF1444002FB78B /* DateFormatters.swift in Sources */,
				D6EE63ED232587450003F50C /* NumberedCircle.swift in Sources */,
				D69B923F231E048E009207B1 /* UIViewController.swift in Sources */,
				15AA30E9235AADE1007D7173 /* ChangePasswordViewController.swift in Sources */,
				D695890F22C7AD16009A356C /* JujuInputField.swift in Sources */,
				D6182B5D2324540000932DA3 /* TrainingViewInitialConfiguration.swift in Sources */,
				D63BE80A234A567F0015FC27 /* ProfileViewController.swift in Sources */,
				D6283471232C87670068CF47 /* TrainingModeView.swift in Sources */,
				150E248B2355E2D200F11C8E /* CalendarViewController.swift in Sources */,
				D6F2653A22D4D94E0062C97A /* Coordinator.swift in Sources */,
			);
			runOnlyForDeploymentPostprocessing = 0;
		};
		D68ACBAA22C7F763001C94A5 /* Sources */ = {
			isa = PBXSourcesBuildPhase;
			buildActionMask = 2147483647;
			files = (
				D61E0C3822E4930D003700EA /* JujuUnderlinedButtonSpec.swift in Sources */,
				D67F845B22CA25DA00C5ECDE /* SnapshotUtils.swift in Sources */,
				D6EE5CBC232F2BEE00F3701A /* TrainLevelComponentSpec.swift in Sources */,
				D6B1207522E4E6F3005180D5 /* SignInViewSpec.swift in Sources */,
				D6E1187022F2848C00F01899 /* ValidatorsSpec.swift in Sources */,
				D682062A22CAE4CC006D4937 /* JujuButtonSpec.swift in Sources */,
				D6182B512324168000932DA3 /* TrainingFooterButtonSpec.swift in Sources */,
				D6283474232C8BE50068CF47 /* TrainingViewModeSpec.swift in Sources */,
				D6FF00AA22E350E900D8B2CB /* IntroViewSpec.swift in Sources */,
				D67F845F22CA299200C5ECDE /* TestHelpers.swift in Sources */,
				D645C0F322CCCC0F00FAB219 /* SignUpViewSpec.swift in Sources */,
				D6E42DB32330819100B42EB1 /* TrainingLevelViewSpec.swift in Sources */,
				D6C75AE02329E69F00F44EE7 /* PlayStopComponentSpec.swift in Sources */,
				D67F845D22CA27AD00C5ECDE /* ViewExtension.swift in Sources */,
				D68ACBBA22C7F79F001C94A5 /* JujuInputFieldSpec.swift in Sources */,
			);
			runOnlyForDeploymentPostprocessing = 0;
		};
/* End PBXSourcesBuildPhase section */

/* Begin PBXTargetDependency section */
		D68ACBB422C7F763001C94A5 /* PBXTargetDependency */ = {
			isa = PBXTargetDependency;
			target = D65FCC4522C79EF400BA16E5 /* juju */;
			targetProxy = D68ACBB322C7F763001C94A5 /* PBXContainerItemProxy */;
		};
/* End PBXTargetDependency section */

/* Begin PBXVariantGroup section */
		D65FCC5222C79EF500BA16E5 /* LaunchScreen.storyboard */ = {
			isa = PBXVariantGroup;
			children = (
				D65FCC5322C79EF500BA16E5 /* Base */,
			);
			name = LaunchScreen.storyboard;
			sourceTree = "<group>";
		};
/* End PBXVariantGroup section */

/* Begin XCBuildConfiguration section */
		D65FCC5622C79EF500BA16E5 /* Debug */ = {
			isa = XCBuildConfiguration;
			buildSettings = {
				ALWAYS_SEARCH_USER_PATHS = NO;
				CLANG_ANALYZER_NONNULL = YES;
				CLANG_ANALYZER_NUMBER_OBJECT_CONVERSION = YES_AGGRESSIVE;
				CLANG_CXX_LANGUAGE_STANDARD = "gnu++14";
				CLANG_CXX_LIBRARY = "libc++";
				CLANG_ENABLE_MODULES = YES;
				CLANG_ENABLE_OBJC_ARC = YES;
				CLANG_ENABLE_OBJC_WEAK = YES;
				CLANG_WARN_BLOCK_CAPTURE_AUTORELEASING = YES;
				CLANG_WARN_BOOL_CONVERSION = YES;
				CLANG_WARN_COMMA = YES;
				CLANG_WARN_CONSTANT_CONVERSION = YES;
				CLANG_WARN_DEPRECATED_OBJC_IMPLEMENTATIONS = YES;
				CLANG_WARN_DIRECT_OBJC_ISA_USAGE = YES_ERROR;
				CLANG_WARN_DOCUMENTATION_COMMENTS = YES;
				CLANG_WARN_EMPTY_BODY = YES;
				CLANG_WARN_ENUM_CONVERSION = YES;
				CLANG_WARN_INFINITE_RECURSION = YES;
				CLANG_WARN_INT_CONVERSION = YES;
				CLANG_WARN_NON_LITERAL_NULL_CONVERSION = YES;
				CLANG_WARN_OBJC_IMPLICIT_RETAIN_SELF = YES;
				CLANG_WARN_OBJC_LITERAL_CONVERSION = YES;
				CLANG_WARN_OBJC_ROOT_CLASS = YES_ERROR;
				CLANG_WARN_RANGE_LOOP_ANALYSIS = YES;
				CLANG_WARN_STRICT_PROTOTYPES = YES;
				CLANG_WARN_SUSPICIOUS_MOVE = YES;
				CLANG_WARN_UNGUARDED_AVAILABILITY = YES_AGGRESSIVE;
				CLANG_WARN_UNREACHABLE_CODE = YES;
				CLANG_WARN__DUPLICATE_METHOD_MATCH = YES;
				CODE_SIGN_IDENTITY = "iPhone Developer";
				COPY_PHASE_STRIP = NO;
				DEBUG_INFORMATION_FORMAT = dwarf;
				ENABLE_STRICT_OBJC_MSGSEND = YES;
				ENABLE_TESTABILITY = YES;
				GCC_C_LANGUAGE_STANDARD = gnu11;
				GCC_DYNAMIC_NO_PIC = NO;
				GCC_NO_COMMON_BLOCKS = YES;
				GCC_OPTIMIZATION_LEVEL = 0;
				GCC_PREPROCESSOR_DEFINITIONS = (
					"DEBUG=1",
					"$(inherited)",
				);
				GCC_WARN_64_TO_32_BIT_CONVERSION = YES;
				GCC_WARN_ABOUT_RETURN_TYPE = YES_ERROR;
				GCC_WARN_UNDECLARED_SELECTOR = YES;
				GCC_WARN_UNINITIALIZED_AUTOS = YES_AGGRESSIVE;
				GCC_WARN_UNUSED_FUNCTION = YES;
				GCC_WARN_UNUSED_VARIABLE = YES;
				IPHONEOS_DEPLOYMENT_TARGET = 12.2;
				MTL_ENABLE_DEBUG_INFO = INCLUDE_SOURCE;
				MTL_FAST_MATH = YES;
				ONLY_ACTIVE_ARCH = YES;
				SDKROOT = iphoneos;
				SWIFT_ACTIVE_COMPILATION_CONDITIONS = DEBUG;
				SWIFT_OPTIMIZATION_LEVEL = "-Onone";
			};
			name = Debug;
		};
		D65FCC5722C79EF500BA16E5 /* Release */ = {
			isa = XCBuildConfiguration;
			buildSettings = {
				ALWAYS_SEARCH_USER_PATHS = NO;
				CLANG_ANALYZER_NONNULL = YES;
				CLANG_ANALYZER_NUMBER_OBJECT_CONVERSION = YES_AGGRESSIVE;
				CLANG_CXX_LANGUAGE_STANDARD = "gnu++14";
				CLANG_CXX_LIBRARY = "libc++";
				CLANG_ENABLE_MODULES = YES;
				CLANG_ENABLE_OBJC_ARC = YES;
				CLANG_ENABLE_OBJC_WEAK = YES;
				CLANG_WARN_BLOCK_CAPTURE_AUTORELEASING = YES;
				CLANG_WARN_BOOL_CONVERSION = YES;
				CLANG_WARN_COMMA = YES;
				CLANG_WARN_CONSTANT_CONVERSION = YES;
				CLANG_WARN_DEPRECATED_OBJC_IMPLEMENTATIONS = YES;
				CLANG_WARN_DIRECT_OBJC_ISA_USAGE = YES_ERROR;
				CLANG_WARN_DOCUMENTATION_COMMENTS = YES;
				CLANG_WARN_EMPTY_BODY = YES;
				CLANG_WARN_ENUM_CONVERSION = YES;
				CLANG_WARN_INFINITE_RECURSION = YES;
				CLANG_WARN_INT_CONVERSION = YES;
				CLANG_WARN_NON_LITERAL_NULL_CONVERSION = YES;
				CLANG_WARN_OBJC_IMPLICIT_RETAIN_SELF = YES;
				CLANG_WARN_OBJC_LITERAL_CONVERSION = YES;
				CLANG_WARN_OBJC_ROOT_CLASS = YES_ERROR;
				CLANG_WARN_RANGE_LOOP_ANALYSIS = YES;
				CLANG_WARN_STRICT_PROTOTYPES = YES;
				CLANG_WARN_SUSPICIOUS_MOVE = YES;
				CLANG_WARN_UNGUARDED_AVAILABILITY = YES_AGGRESSIVE;
				CLANG_WARN_UNREACHABLE_CODE = YES;
				CLANG_WARN__DUPLICATE_METHOD_MATCH = YES;
				CODE_SIGN_IDENTITY = "iPhone Developer";
				COPY_PHASE_STRIP = NO;
				DEBUG_INFORMATION_FORMAT = "dwarf-with-dsym";
				ENABLE_NS_ASSERTIONS = NO;
				ENABLE_STRICT_OBJC_MSGSEND = YES;
				GCC_C_LANGUAGE_STANDARD = gnu11;
				GCC_NO_COMMON_BLOCKS = YES;
				GCC_WARN_64_TO_32_BIT_CONVERSION = YES;
				GCC_WARN_ABOUT_RETURN_TYPE = YES_ERROR;
				GCC_WARN_UNDECLARED_SELECTOR = YES;
				GCC_WARN_UNINITIALIZED_AUTOS = YES_AGGRESSIVE;
				GCC_WARN_UNUSED_FUNCTION = YES;
				GCC_WARN_UNUSED_VARIABLE = YES;
				IPHONEOS_DEPLOYMENT_TARGET = 12.2;
				MTL_ENABLE_DEBUG_INFO = NO;
				MTL_FAST_MATH = YES;
				SDKROOT = iphoneos;
				SWIFT_COMPILATION_MODE = wholemodule;
				SWIFT_OPTIMIZATION_LEVEL = "-O";
				VALIDATE_PRODUCT = YES;
			};
			name = Release;
		};
		D65FCC5922C79EF500BA16E5 /* Debug */ = {
			isa = XCBuildConfiguration;
			baseConfigurationReference = 141CB07F668A4F76F65CD92E /* Pods-juju.debug.xcconfig */;
			buildSettings = {
				ASSETCATALOG_COMPILER_APPICON_NAME = AppIcon;
				CODE_SIGN_STYLE = Automatic;
				DEVELOPMENT_TEAM = 4KYD88NNTV;
				INFOPLIST_FILE = "$(SRCROOT)/juju/Supporting Files/Info.plist";
				IPHONEOS_DEPLOYMENT_TARGET = 12.1;
				LD_RUNPATH_SEARCH_PATHS = (
					"$(inherited)",
					"@executable_path/Frameworks",
				);
				PRODUCT_BUNDLE_IDENTIFIER = br.com.jujuhealth.juju;
				PRODUCT_NAME = "$(TARGET_NAME)";
				SWIFT_VERSION = 5.0;
				TARGETED_DEVICE_FAMILY = 1;
			};
			name = Debug;
		};
		D65FCC5A22C79EF500BA16E5 /* Release */ = {
			isa = XCBuildConfiguration;
			baseConfigurationReference = C8B963747690D2B138C0423C /* Pods-juju.release.xcconfig */;
			buildSettings = {
				ASSETCATALOG_COMPILER_APPICON_NAME = AppIcon;
				CODE_SIGN_STYLE = Automatic;
				DEVELOPMENT_TEAM = 4KYD88NNTV;
				INFOPLIST_FILE = "$(SRCROOT)/juju/Supporting Files/Info.plist";
				IPHONEOS_DEPLOYMENT_TARGET = 12.1;
				LD_RUNPATH_SEARCH_PATHS = (
					"$(inherited)",
					"@executable_path/Frameworks",
				);
				PRODUCT_BUNDLE_IDENTIFIER = br.com.jujuhealth.juju;
				PRODUCT_NAME = "$(TARGET_NAME)";
				SWIFT_VERSION = 5.0;
				TARGETED_DEVICE_FAMILY = 1;
			};
			name = Release;
		};
		D68ACBB622C7F763001C94A5 /* Debug */ = {
			isa = XCBuildConfiguration;
			baseConfigurationReference = 1B3AD8AF7EE33C59F99BDC09 /* Pods-jujuTests.debug.xcconfig */;
			buildSettings = {
				BUNDLE_LOADER = "$(TEST_HOST)";
				CODE_SIGN_STYLE = Automatic;
				DEVELOPMENT_TEAM = 4KYD88NNTV;
				INFOPLIST_FILE = jujuTests/Info.plist;
				LD_RUNPATH_SEARCH_PATHS = (
					"$(inherited)",
					"@executable_path/Frameworks",
					"@loader_path/Frameworks",
				);
				PRODUCT_BUNDLE_IDENTIFIER = com.acportela.jujuTests;
				PRODUCT_NAME = "$(TARGET_NAME)";
				SWIFT_VERSION = 5.0;
				TARGETED_DEVICE_FAMILY = "1,2";
				TEST_HOST = "$(BUILT_PRODUCTS_DIR)/juju.app/juju";
			};
			name = Debug;
		};
		D68ACBB722C7F763001C94A5 /* Release */ = {
			isa = XCBuildConfiguration;
			baseConfigurationReference = 056D944913A4FA78B9ACA0E2 /* Pods-jujuTests.release.xcconfig */;
			buildSettings = {
				BUNDLE_LOADER = "$(TEST_HOST)";
				CODE_SIGN_STYLE = Automatic;
				DEVELOPMENT_TEAM = 4KYD88NNTV;
				INFOPLIST_FILE = jujuTests/Info.plist;
				LD_RUNPATH_SEARCH_PATHS = (
					"$(inherited)",
					"@executable_path/Frameworks",
					"@loader_path/Frameworks",
				);
				PRODUCT_BUNDLE_IDENTIFIER = com.acportela.jujuTests;
				PRODUCT_NAME = "$(TARGET_NAME)";
				SWIFT_VERSION = 5.0;
				TARGETED_DEVICE_FAMILY = "1,2";
				TEST_HOST = "$(BUILT_PRODUCTS_DIR)/juju.app/juju";
			};
			name = Release;
		};
/* End XCBuildConfiguration section */

/* Begin XCConfigurationList section */
		D65FCC4122C79EF400BA16E5 /* Build configuration list for PBXProject "juju" */ = {
			isa = XCConfigurationList;
			buildConfigurations = (
				D65FCC5622C79EF500BA16E5 /* Debug */,
				D65FCC5722C79EF500BA16E5 /* Release */,
			);
			defaultConfigurationIsVisible = 0;
			defaultConfigurationName = Release;
		};
		D65FCC5822C79EF500BA16E5 /* Build configuration list for PBXNativeTarget "juju" */ = {
			isa = XCConfigurationList;
			buildConfigurations = (
				D65FCC5922C79EF500BA16E5 /* Debug */,
				D65FCC5A22C79EF500BA16E5 /* Release */,
			);
			defaultConfigurationIsVisible = 0;
			defaultConfigurationName = Release;
		};
		D68ACBB522C7F763001C94A5 /* Build configuration list for PBXNativeTarget "jujuTests" */ = {
			isa = XCConfigurationList;
			buildConfigurations = (
				D68ACBB622C7F763001C94A5 /* Debug */,
				D68ACBB722C7F763001C94A5 /* Release */,
			);
			defaultConfigurationIsVisible = 0;
			defaultConfigurationName = Release;
		};
/* End XCConfigurationList section */
	};
	rootObject = D65FCC3E22C79EF400BA16E5 /* Project object */;
}
